// !$*UTF8*$!
{
	archiveVersion = 1;
	classes = {
	};
	objectVersion = 56;
	objects = {

/* Begin PBXBuildFile section */
		A43B20BB2B026C5800481A87 /* main.cpp in Sources */ = {isa = PBXBuildFile; fileRef = A43B20BA2B026C5800481A87 /* main.cpp */; };
		A47E65402A9F283300AAA974 /* main.cpp in Sources */ = {isa = PBXBuildFile; fileRef = A47E653F2A9F283300AAA974 /* main.cpp */; };
		A47E654B2A9F30E900AAA974 /* main.cpp in Sources */ = {isa = PBXBuildFile; fileRef = A47E654A2A9F30E900AAA974 /* main.cpp */; };
		A47E65982AA097D600AAA974 /* main.cpp in Sources */ = {isa = PBXBuildFile; fileRef = A47E65972AA097D600AAA974 /* main.cpp */; };
		A47E65A32AA097DE00AAA974 /* main.cpp in Sources */ = {isa = PBXBuildFile; fileRef = A47E65A22AA097DE00AAA974 /* main.cpp */; };
		A4950EED2A6339C500B37B39 /* main.cpp in Sources */ = {isa = PBXBuildFile; fileRef = A4950EEC2A6339C500B37B39 /* main.cpp */; };
		A4950EF82A6339DB00B37B39 /* main.cpp in Sources */ = {isa = PBXBuildFile; fileRef = A4950EF72A6339DB00B37B39 /* main.cpp */; };
		A4B7167D2A5DCB9600505140 /* main.cpp in Sources */ = {isa = PBXBuildFile; fileRef = A4B7167C2A5DCB9600505140 /* main.cpp */; };
		A4B716882A5DCBAF00505140 /* main.cpp in Sources */ = {isa = PBXBuildFile; fileRef = A4B716872A5DCBAF00505140 /* main.cpp */; };
		A4B716932A5DCBBB00505140 /* main.cpp in Sources */ = {isa = PBXBuildFile; fileRef = A4B716922A5DCBBB00505140 /* main.cpp */; };
		A4BCA1EA2B06524200AF134B /* main.cpp in Sources */ = {isa = PBXBuildFile; fileRef = A4BCA1E92B06524200AF134B /* main.cpp */; };
		A4C2E56F2AAF25CC002F27BA /* main.cpp in Sources */ = {isa = PBXBuildFile; fileRef = A4C2E56E2AAF25CC002F27BA /* main.cpp */; };
		A4E03F302AF16B7A00E83E19 /* main.cpp in Sources */ = {isa = PBXBuildFile; fileRef = A4E03F2F2AF16B7A00E83E19 /* main.cpp */; };
/* End PBXBuildFile section */

/* Begin PBXCopyFilesBuildPhase section */
		A43B20B62B026C5800481A87 /* CopyFiles */ = {
			isa = PBXCopyFilesBuildPhase;
			buildActionMask = 2147483647;
			dstPath = /usr/share/man/man1/;
			dstSubfolderSpec = 0;
			files = (
			);
			runOnlyForDeploymentPostprocessing = 1;
		};
		A47E653B2A9F283300AAA974 /* CopyFiles */ = {
			isa = PBXCopyFilesBuildPhase;
			buildActionMask = 2147483647;
			dstPath = /usr/share/man/man1/;
			dstSubfolderSpec = 0;
			files = (
			);
			runOnlyForDeploymentPostprocessing = 1;
		};
		A47E65462A9F30E900AAA974 /* CopyFiles */ = {
			isa = PBXCopyFilesBuildPhase;
			buildActionMask = 2147483647;
			dstPath = /usr/share/man/man1/;
			dstSubfolderSpec = 0;
			files = (
			);
			runOnlyForDeploymentPostprocessing = 1;
		};
		A47E65932AA097D600AAA974 /* CopyFiles */ = {
			isa = PBXCopyFilesBuildPhase;
			buildActionMask = 2147483647;
			dstPath = /usr/share/man/man1/;
			dstSubfolderSpec = 0;
			files = (
			);
			runOnlyForDeploymentPostprocessing = 1;
		};
		A47E659E2AA097DE00AAA974 /* CopyFiles */ = {
			isa = PBXCopyFilesBuildPhase;
			buildActionMask = 2147483647;
			dstPath = /usr/share/man/man1/;
			dstSubfolderSpec = 0;
			files = (
			);
			runOnlyForDeploymentPostprocessing = 1;
		};
		A4950EE82A6339C500B37B39 /* CopyFiles */ = {
			isa = PBXCopyFilesBuildPhase;
			buildActionMask = 2147483647;
			dstPath = /usr/share/man/man1/;
			dstSubfolderSpec = 0;
			files = (
			);
			runOnlyForDeploymentPostprocessing = 1;
		};
		A4950EF32A6339DB00B37B39 /* CopyFiles */ = {
			isa = PBXCopyFilesBuildPhase;
			buildActionMask = 2147483647;
			dstPath = /usr/share/man/man1/;
			dstSubfolderSpec = 0;
			files = (
			);
			runOnlyForDeploymentPostprocessing = 1;
		};
		A4B716782A5DCB9600505140 /* CopyFiles */ = {
			isa = PBXCopyFilesBuildPhase;
			buildActionMask = 2147483647;
			dstPath = /usr/share/man/man1/;
			dstSubfolderSpec = 0;
			files = (
			);
			runOnlyForDeploymentPostprocessing = 1;
		};
		A4B716832A5DCBAF00505140 /* CopyFiles */ = {
			isa = PBXCopyFilesBuildPhase;
			buildActionMask = 2147483647;
			dstPath = /usr/share/man/man1/;
			dstSubfolderSpec = 0;
			files = (
			);
			runOnlyForDeploymentPostprocessing = 1;
		};
		A4B7168E2A5DCBBB00505140 /* CopyFiles */ = {
			isa = PBXCopyFilesBuildPhase;
			buildActionMask = 2147483647;
			dstPath = /usr/share/man/man1/;
			dstSubfolderSpec = 0;
			files = (
			);
			runOnlyForDeploymentPostprocessing = 1;
		};
		A4BCA1E52B06524200AF134B /* CopyFiles */ = {
			isa = PBXCopyFilesBuildPhase;
			buildActionMask = 2147483647;
			dstPath = /usr/share/man/man1/;
			dstSubfolderSpec = 0;
			files = (
			);
			runOnlyForDeploymentPostprocessing = 1;
		};
		A4C2E56A2AAF25CC002F27BA /* CopyFiles */ = {
			isa = PBXCopyFilesBuildPhase;
			buildActionMask = 2147483647;
			dstPath = /usr/share/man/man1/;
			dstSubfolderSpec = 0;
			files = (
			);
			runOnlyForDeploymentPostprocessing = 1;
		};
		A4E03F2B2AF16B7900E83E19 /* CopyFiles */ = {
			isa = PBXCopyFilesBuildPhase;
			buildActionMask = 2147483647;
			dstPath = /usr/share/man/man1/;
			dstSubfolderSpec = 0;
			files = (
			);
			runOnlyForDeploymentPostprocessing = 1;
		};
/* End PBXCopyFilesBuildPhase section */

/* Begin PBXFileReference section */
		A43B20B82B026C5800481A87 /* 11726 */ = {isa = PBXFileReference; explicitFileType = "compiled.mach-o.executable"; includeInIndex = 0; path = 11726; sourceTree = BUILT_PRODUCTS_DIR; };
		A43B20BA2B026C5800481A87 /* main.cpp */ = {isa = PBXFileReference; lastKnownFileType = sourcecode.cpp.cpp; path = main.cpp; sourceTree = "<group>"; };
		A47E653D2A9F283300AAA974 /* 2169 */ = {isa = PBXFileReference; explicitFileType = "compiled.mach-o.executable"; includeInIndex = 0; path = 2169; sourceTree = BUILT_PRODUCTS_DIR; };
		A47E653F2A9F283300AAA974 /* main.cpp */ = {isa = PBXFileReference; lastKnownFileType = sourcecode.cpp.cpp; path = main.cpp; sourceTree = "<group>"; };
		A47E65482A9F30E900AAA974 /* 2208 */ = {isa = PBXFileReference; explicitFileType = "compiled.mach-o.executable"; includeInIndex = 0; path = 2208; sourceTree = BUILT_PRODUCTS_DIR; };
		A47E654A2A9F30E900AAA974 /* main.cpp */ = {isa = PBXFileReference; lastKnownFileType = sourcecode.cpp.cpp; path = main.cpp; sourceTree = "<group>"; };
		A47E65952AA097D600AAA974 /* 2533 */ = {isa = PBXFileReference; explicitFileType = "compiled.mach-o.executable"; includeInIndex = 0; path = 2533; sourceTree = BUILT_PRODUCTS_DIR; };
		A47E65972AA097D600AAA974 /* main.cpp */ = {isa = PBXFileReference; lastKnownFileType = sourcecode.cpp.cpp; path = main.cpp; sourceTree = "<group>"; };
		A47E65A02AA097DE00AAA974 /* 15681 */ = {isa = PBXFileReference; explicitFileType = "compiled.mach-o.executable"; includeInIndex = 0; path = 15681; sourceTree = BUILT_PRODUCTS_DIR; };
		A47E65A22AA097DE00AAA974 /* main.cpp */ = {isa = PBXFileReference; lastKnownFileType = sourcecode.cpp.cpp; path = main.cpp; sourceTree = "<group>"; };
		A4950EEA2A6339C500B37B39 /* 1463 */ = {isa = PBXFileReference; explicitFileType = "compiled.mach-o.executable"; includeInIndex = 0; path = 1463; sourceTree = BUILT_PRODUCTS_DIR; };
		A4950EEC2A6339C500B37B39 /* main.cpp */ = {isa = PBXFileReference; lastKnownFileType = sourcecode.cpp.cpp; path = main.cpp; sourceTree = "<group>"; };
		A4950EF52A6339DB00B37B39 /* 2193 */ = {isa = PBXFileReference; explicitFileType = "compiled.mach-o.executable"; includeInIndex = 0; path = 2193; sourceTree = BUILT_PRODUCTS_DIR; };
		A4950EF72A6339DB00B37B39 /* main.cpp */ = {isa = PBXFileReference; lastKnownFileType = sourcecode.cpp.cpp; path = main.cpp; sourceTree = "<group>"; };
		A4B7167A2A5DCB9600505140 /* 2775 */ = {isa = PBXFileReference; explicitFileType = "compiled.mach-o.executable"; includeInIndex = 0; path = 2775; sourceTree = BUILT_PRODUCTS_DIR; };
		A4B7167C2A5DCB9600505140 /* main.cpp */ = {isa = PBXFileReference; lastKnownFileType = sourcecode.cpp.cpp; path = main.cpp; sourceTree = "<group>"; };
		A4B716852A5DCBAF00505140 /* 17202 */ = {isa = PBXFileReference; explicitFileType = "compiled.mach-o.executable"; includeInIndex = 0; path = 17202; sourceTree = BUILT_PRODUCTS_DIR; };
		A4B716872A5DCBAF00505140 /* main.cpp */ = {isa = PBXFileReference; lastKnownFileType = sourcecode.cpp.cpp; path = main.cpp; sourceTree = "<group>"; };
		A4B716902A5DCBBB00505140 /* 24416 */ = {isa = PBXFileReference; explicitFileType = "compiled.mach-o.executable"; includeInIndex = 0; path = 24416; sourceTree = BUILT_PRODUCTS_DIR; };
		A4B716922A5DCBBB00505140 /* main.cpp */ = {isa = PBXFileReference; lastKnownFileType = sourcecode.cpp.cpp; path = main.cpp; sourceTree = "<group>"; };
		A4BCA1E72B06524200AF134B /* 11049 */ = {isa = PBXFileReference; explicitFileType = "compiled.mach-o.executable"; includeInIndex = 0; path = 11049; sourceTree = BUILT_PRODUCTS_DIR; };
		A4BCA1E92B06524200AF134B /* main.cpp */ = {isa = PBXFileReference; lastKnownFileType = sourcecode.cpp.cpp; path = main.cpp; sourceTree = "<group>"; };
		A4C2E56C2AAF25CC002F27BA /* 11053 */ = {isa = PBXFileReference; explicitFileType = "compiled.mach-o.executable"; includeInIndex = 0; path = 11053; sourceTree = BUILT_PRODUCTS_DIR; };
		A4C2E56E2AAF25CC002F27BA /* main.cpp */ = {isa = PBXFileReference; lastKnownFileType = sourcecode.cpp.cpp; path = main.cpp; sourceTree = "<group>"; };
		A4E03F2D2AF16B7900E83E19 /* 12852 */ = {isa = PBXFileReference; explicitFileType = "compiled.mach-o.executable"; includeInIndex = 0; path = 12852; sourceTree = BUILT_PRODUCTS_DIR; };
		A4E03F2F2AF16B7A00E83E19 /* main.cpp */ = {isa = PBXFileReference; lastKnownFileType = sourcecode.cpp.cpp; path = main.cpp; sourceTree = "<group>"; };
/* End PBXFileReference section */

/* Begin PBXFrameworksBuildPhase section */
		A43B20B52B026C5800481A87 /* Frameworks */ = {
			isa = PBXFrameworksBuildPhase;
			buildActionMask = 2147483647;
			files = (
			);
			runOnlyForDeploymentPostprocessing = 0;
		};
		A47E653A2A9F283300AAA974 /* Frameworks */ = {
			isa = PBXFrameworksBuildPhase;
			buildActionMask = 2147483647;
			files = (
			);
			runOnlyForDeploymentPostprocessing = 0;
		};
		A47E65452A9F30E900AAA974 /* Frameworks */ = {
			isa = PBXFrameworksBuildPhase;
			buildActionMask = 2147483647;
			files = (
			);
			runOnlyForDeploymentPostprocessing = 0;
		};
		A47E65922AA097D600AAA974 /* Frameworks */ = {
			isa = PBXFrameworksBuildPhase;
			buildActionMask = 2147483647;
			files = (
			);
			runOnlyForDeploymentPostprocessing = 0;
		};
		A47E659D2AA097DE00AAA974 /* Frameworks */ = {
			isa = PBXFrameworksBuildPhase;
			buildActionMask = 2147483647;
			files = (
			);
			runOnlyForDeploymentPostprocessing = 0;
		};
		A4950EE72A6339C500B37B39 /* Frameworks */ = {
			isa = PBXFrameworksBuildPhase;
			buildActionMask = 2147483647;
			files = (
			);
			runOnlyForDeploymentPostprocessing = 0;
		};
		A4950EF22A6339DB00B37B39 /* Frameworks */ = {
			isa = PBXFrameworksBuildPhase;
			buildActionMask = 2147483647;
			files = (
			);
			runOnlyForDeploymentPostprocessing = 0;
		};
		A4B716772A5DCB9600505140 /* Frameworks */ = {
			isa = PBXFrameworksBuildPhase;
			buildActionMask = 2147483647;
			files = (
			);
			runOnlyForDeploymentPostprocessing = 0;
		};
		A4B716822A5DCBAF00505140 /* Frameworks */ = {
			isa = PBXFrameworksBuildPhase;
			buildActionMask = 2147483647;
			files = (
			);
			runOnlyForDeploymentPostprocessing = 0;
		};
		A4B7168D2A5DCBBB00505140 /* Frameworks */ = {
			isa = PBXFrameworksBuildPhase;
			buildActionMask = 2147483647;
			files = (
			);
			runOnlyForDeploymentPostprocessing = 0;
		};
		A4BCA1E42B06524200AF134B /* Frameworks */ = {
			isa = PBXFrameworksBuildPhase;
			buildActionMask = 2147483647;
			files = (
			);
			runOnlyForDeploymentPostprocessing = 0;
		};
		A4C2E5692AAF25CC002F27BA /* Frameworks */ = {
			isa = PBXFrameworksBuildPhase;
			buildActionMask = 2147483647;
			files = (
			);
			runOnlyForDeploymentPostprocessing = 0;
		};
		A4E03F2A2AF16B7900E83E19 /* Frameworks */ = {
			isa = PBXFrameworksBuildPhase;
			buildActionMask = 2147483647;
			files = (
			);
			runOnlyForDeploymentPostprocessing = 0;
		};
/* End PBXFrameworksBuildPhase section */

/* Begin PBXGroup section */
		A43B20B92B026C5800481A87 /* 11726 */ = {
			isa = PBXGroup;
			children = (
				A43B20BA2B026C5800481A87 /* main.cpp */,
			);
			path = 11726;
			sourceTree = "<group>";
		};
		A47E653E2A9F283300AAA974 /* 2169 */ = {
			isa = PBXGroup;
			children = (
				A47E653F2A9F283300AAA974 /* main.cpp */,
			);
			path = 2169;
			sourceTree = "<group>";
		};
		A47E65492A9F30E900AAA974 /* 2208 */ = {
			isa = PBXGroup;
			children = (
				A47E654A2A9F30E900AAA974 /* main.cpp */,
			);
			path = 2208;
			sourceTree = "<group>";
		};
		A47E65962AA097D600AAA974 /* 2533 */ = {
			isa = PBXGroup;
			children = (
				A47E65972AA097D600AAA974 /* main.cpp */,
			);
			path = 2533;
			sourceTree = "<group>";
		};
		A47E65A12AA097DE00AAA974 /* 15681 */ = {
			isa = PBXGroup;
			children = (
				A47E65A22AA097DE00AAA974 /* main.cpp */,
			);
			path = 15681;
			sourceTree = "<group>";
		};
		A4950EEB2A6339C500B37B39 /* 1463 */ = {
			isa = PBXGroup;
			children = (
				A4950EEC2A6339C500B37B39 /* main.cpp */,
			);
			path = 1463;
			sourceTree = "<group>";
		};
		A4950EF62A6339DB00B37B39 /* 2193 */ = {
			isa = PBXGroup;
			children = (
				A4950EF72A6339DB00B37B39 /* main.cpp */,
			);
			path = 2193;
			sourceTree = "<group>";
		};
		A4B716632A5DCB7200505140 = {
			isa = PBXGroup;
			children = (
				A4B7167B2A5DCB9600505140 /* 2775 */,
				A4B716862A5DCBAF00505140 /* 17202 */,
				A4B716912A5DCBBB00505140 /* 24416 */,
				A4950EEB2A6339C500B37B39 /* 1463 */,
				A4950EF62A6339DB00B37B39 /* 2193 */,
				A47E653E2A9F283300AAA974 /* 2169 */,
				A47E65492A9F30E900AAA974 /* 2208 */,
				A47E65962AA097D600AAA974 /* 2533 */,
				A47E65A12AA097DE00AAA974 /* 15681 */,
				A4C2E56D2AAF25CC002F27BA /* 11053 */,
				A4E03F2E2AF16B7A00E83E19 /* 12852 */,
				A43B20B92B026C5800481A87 /* 11726 */,
				A4BCA1E82B06524200AF134B /* 11049 */,
				A4B7166D2A5DCB7200505140 /* Products */,
			);
			sourceTree = "<group>";
		};
		A4B7166D2A5DCB7200505140 /* Products */ = {
			isa = PBXGroup;
			children = (
				A4B7167A2A5DCB9600505140 /* 2775 */,
				A4B716852A5DCBAF00505140 /* 17202 */,
				A4B716902A5DCBBB00505140 /* 24416 */,
				A4950EEA2A6339C500B37B39 /* 1463 */,
				A4950EF52A6339DB00B37B39 /* 2193 */,
				A47E653D2A9F283300AAA974 /* 2169 */,
				A47E65482A9F30E900AAA974 /* 2208 */,
				A47E65952AA097D600AAA974 /* 2533 */,
				A47E65A02AA097DE00AAA974 /* 15681 */,
				A4C2E56C2AAF25CC002F27BA /* 11053 */,
				A4E03F2D2AF16B7900E83E19 /* 12852 */,
				A43B20B82B026C5800481A87 /* 11726 */,
				A4BCA1E72B06524200AF134B /* 11049 */,
			);
			name = Products;
			sourceTree = "<group>";
		};
		A4B7167B2A5DCB9600505140 /* 2775 */ = {
			isa = PBXGroup;
			children = (
				A4B7167C2A5DCB9600505140 /* main.cpp */,
			);
			path = 2775;
			sourceTree = "<group>";
		};
		A4B716862A5DCBAF00505140 /* 17202 */ = {
			isa = PBXGroup;
			children = (
				A4B716872A5DCBAF00505140 /* main.cpp */,
			);
			path = 17202;
			sourceTree = "<group>";
		};
		A4B716912A5DCBBB00505140 /* 24416 */ = {
			isa = PBXGroup;
			children = (
				A4B716922A5DCBBB00505140 /* main.cpp */,
			);
			path = 24416;
			sourceTree = "<group>";
		};
		A4BCA1E82B06524200AF134B /* 11049 */ = {
			isa = PBXGroup;
			children = (
				A4BCA1E92B06524200AF134B /* main.cpp */,
			);
			path = 11049;
			sourceTree = "<group>";
		};
		A4C2E56D2AAF25CC002F27BA /* 11053 */ = {
			isa = PBXGroup;
			children = (
				A4C2E56E2AAF25CC002F27BA /* main.cpp */,
			);
			path = 11053;
			sourceTree = "<group>";
		};
		A4E03F2E2AF16B7A00E83E19 /* 12852 */ = {
			isa = PBXGroup;
			children = (
				A4E03F2F2AF16B7A00E83E19 /* main.cpp */,
			);
			path = 12852;
			sourceTree = "<group>";
		};
/* End PBXGroup section */

/* Begin PBXNativeTarget section */
		A43B20B72B026C5800481A87 /* 11726 */ = {
			isa = PBXNativeTarget;
			buildConfigurationList = A43B20BE2B026C5800481A87 /* Build configuration list for PBXNativeTarget "11726" */;
			buildPhases = (
				A43B20B42B026C5800481A87 /* Sources */,
				A43B20B52B026C5800481A87 /* Frameworks */,
				A43B20B62B026C5800481A87 /* CopyFiles */,
			);
			buildRules = (
			);
			dependencies = (
			);
			name = 11726;
			productName = 11726;
			productReference = A43B20B82B026C5800481A87 /* 11726 */;
			productType = "com.apple.product-type.tool";
		};
		A47E653C2A9F283300AAA974 /* 2169 */ = {
			isa = PBXNativeTarget;
			buildConfigurationList = A47E65432A9F283300AAA974 /* Build configuration list for PBXNativeTarget "2169" */;
			buildPhases = (
				A47E65392A9F283300AAA974 /* Sources */,
				A47E653A2A9F283300AAA974 /* Frameworks */,
				A47E653B2A9F283300AAA974 /* CopyFiles */,
			);
			buildRules = (
			);
			dependencies = (
			);
			name = 2169;
			productName = 2169;
			productReference = A47E653D2A9F283300AAA974 /* 2169 */;
			productType = "com.apple.product-type.tool";
		};
		A47E65472A9F30E900AAA974 /* 2208 */ = {
			isa = PBXNativeTarget;
			buildConfigurationList = A47E654E2A9F30E900AAA974 /* Build configuration list for PBXNativeTarget "2208" */;
			buildPhases = (
				A47E65442A9F30E900AAA974 /* Sources */,
				A47E65452A9F30E900AAA974 /* Frameworks */,
				A47E65462A9F30E900AAA974 /* CopyFiles */,
			);
			buildRules = (
			);
			dependencies = (
			);
			name = 2208;
			productName = 2208;
			productReference = A47E65482A9F30E900AAA974 /* 2208 */;
			productType = "com.apple.product-type.tool";
		};
		A47E65942AA097D600AAA974 /* 2533 */ = {
			isa = PBXNativeTarget;
			buildConfigurationList = A47E659B2AA097D600AAA974 /* Build configuration list for PBXNativeTarget "2533" */;
			buildPhases = (
				A47E65912AA097D600AAA974 /* Sources */,
				A47E65922AA097D600AAA974 /* Frameworks */,
				A47E65932AA097D600AAA974 /* CopyFiles */,
			);
			buildRules = (
			);
			dependencies = (
			);
			name = 2533;
			productName = 2533;
			productReference = A47E65952AA097D600AAA974 /* 2533 */;
			productType = "com.apple.product-type.tool";
		};
		A47E659F2AA097DE00AAA974 /* 15681 */ = {
			isa = PBXNativeTarget;
			buildConfigurationList = A47E65A42AA097DE00AAA974 /* Build configuration list for PBXNativeTarget "15681" */;
			buildPhases = (
				A47E659C2AA097DE00AAA974 /* Sources */,
				A47E659D2AA097DE00AAA974 /* Frameworks */,
				A47E659E2AA097DE00AAA974 /* CopyFiles */,
			);
			buildRules = (
			);
			dependencies = (
			);
			name = 15681;
			productName = 15681;
			productReference = A47E65A02AA097DE00AAA974 /* 15681 */;
			productType = "com.apple.product-type.tool";
		};
		A4950EE92A6339C500B37B39 /* 1463 */ = {
			isa = PBXNativeTarget;
			buildConfigurationList = A4950EEE2A6339C500B37B39 /* Build configuration list for PBXNativeTarget "1463" */;
			buildPhases = (
				A4950EE62A6339C500B37B39 /* Sources */,
				A4950EE72A6339C500B37B39 /* Frameworks */,
				A4950EE82A6339C500B37B39 /* CopyFiles */,
			);
			buildRules = (
			);
			dependencies = (
			);
			name = 1463;
			productName = 1463;
			productReference = A4950EEA2A6339C500B37B39 /* 1463 */;
			productType = "com.apple.product-type.tool";
		};
		A4950EF42A6339DB00B37B39 /* 2193 */ = {
			isa = PBXNativeTarget;
			buildConfigurationList = A4950EF92A6339DB00B37B39 /* Build configuration list for PBXNativeTarget "2193" */;
			buildPhases = (
				A4950EF12A6339DB00B37B39 /* Sources */,
				A4950EF22A6339DB00B37B39 /* Frameworks */,
				A4950EF32A6339DB00B37B39 /* CopyFiles */,
			);
			buildRules = (
			);
			dependencies = (
			);
			name = 2193;
			productName = 2193;
			productReference = A4950EF52A6339DB00B37B39 /* 2193 */;
			productType = "com.apple.product-type.tool";
		};
		A4B716792A5DCB9600505140 /* 2775 */ = {
			isa = PBXNativeTarget;
			buildConfigurationList = A4B7167E2A5DCB9600505140 /* Build configuration list for PBXNativeTarget "2775" */;
			buildPhases = (
				A4B716762A5DCB9600505140 /* Sources */,
				A4B716772A5DCB9600505140 /* Frameworks */,
				A4B716782A5DCB9600505140 /* CopyFiles */,
			);
			buildRules = (
			);
			dependencies = (
			);
			name = 2775;
			productName = 2775;
			productReference = A4B7167A2A5DCB9600505140 /* 2775 */;
			productType = "com.apple.product-type.tool";
		};
		A4B716842A5DCBAF00505140 /* 17202 */ = {
			isa = PBXNativeTarget;
			buildConfigurationList = A4B716892A5DCBAF00505140 /* Build configuration list for PBXNativeTarget "17202" */;
			buildPhases = (
				A4B716812A5DCBAF00505140 /* Sources */,
				A4B716822A5DCBAF00505140 /* Frameworks */,
				A4B716832A5DCBAF00505140 /* CopyFiles */,
			);
			buildRules = (
			);
			dependencies = (
			);
			name = 17202;
			productName = 17202;
			productReference = A4B716852A5DCBAF00505140 /* 17202 */;
			productType = "com.apple.product-type.tool";
		};
		A4B7168F2A5DCBBB00505140 /* 24416 */ = {
			isa = PBXNativeTarget;
			buildConfigurationList = A4B716942A5DCBBB00505140 /* Build configuration list for PBXNativeTarget "24416" */;
			buildPhases = (
				A4B7168C2A5DCBBB00505140 /* Sources */,
				A4B7168D2A5DCBBB00505140 /* Frameworks */,
				A4B7168E2A5DCBBB00505140 /* CopyFiles */,
			);
			buildRules = (
			);
			dependencies = (
			);
			name = 24416;
			productName = 24416;
			productReference = A4B716902A5DCBBB00505140 /* 24416 */;
			productType = "com.apple.product-type.tool";
		};
		A4BCA1E62B06524200AF134B /* 11049 */ = {
			isa = PBXNativeTarget;
			buildConfigurationList = A4BCA1ED2B06524200AF134B /* Build configuration list for PBXNativeTarget "11049" */;
			buildPhases = (
				A4BCA1E32B06524200AF134B /* Sources */,
				A4BCA1E42B06524200AF134B /* Frameworks */,
				A4BCA1E52B06524200AF134B /* CopyFiles */,
			);
			buildRules = (
			);
			dependencies = (
			);
			name = 11049;
			productName = 11049;
			productReference = A4BCA1E72B06524200AF134B /* 11049 */;
			productType = "com.apple.product-type.tool";
		};
		A4C2E56B2AAF25CC002F27BA /* 11053 */ = {
			isa = PBXNativeTarget;
			buildConfigurationList = A4C2E5722AAF25CC002F27BA /* Build configuration list for PBXNativeTarget "11053" */;
			buildPhases = (
				A4C2E5682AAF25CC002F27BA /* Sources */,
				A4C2E5692AAF25CC002F27BA /* Frameworks */,
				A4C2E56A2AAF25CC002F27BA /* CopyFiles */,
			);
			buildRules = (
			);
			dependencies = (
			);
			name = 11053;
			productName = 11053;
			productReference = A4C2E56C2AAF25CC002F27BA /* 11053 */;
			productType = "com.apple.product-type.tool";
		};
		A4E03F2C2AF16B7900E83E19 /* 12852 */ = {
			isa = PBXNativeTarget;
			buildConfigurationList = A4E03F332AF16B7A00E83E19 /* Build configuration list for PBXNativeTarget "12852" */;
			buildPhases = (
				A4E03F292AF16B7900E83E19 /* Sources */,
				A4E03F2A2AF16B7900E83E19 /* Frameworks */,
				A4E03F2B2AF16B7900E83E19 /* CopyFiles */,
			);
			buildRules = (
			);
			dependencies = (
			);
			name = 12852;
			productName = 12852;
			productReference = A4E03F2D2AF16B7900E83E19 /* 12852 */;
			productType = "com.apple.product-type.tool";
		};
/* End PBXNativeTarget section */

/* Begin PBXProject section */
		A4B716642A5DCB7200505140 /* Project object */ = {
			isa = PBXProject;
			attributes = {
				BuildIndependentTargetsInParallel = 1;
				LastUpgradeCheck = 1420;
				TargetAttributes = {
					A43B20B72B026C5800481A87 = {
						CreatedOnToolsVersion = 14.2;
					};
					A47E653C2A9F283300AAA974 = {
						CreatedOnToolsVersion = 14.2;
					};
					A47E65472A9F30E900AAA974 = {
						CreatedOnToolsVersion = 14.2;
					};
					A47E65942AA097D600AAA974 = {
						CreatedOnToolsVersion = 14.2;
					};
					A47E659F2AA097DE00AAA974 = {
						CreatedOnToolsVersion = 14.2;
					};
					A4950EE92A6339C500B37B39 = {
						CreatedOnToolsVersion = 14.2;
					};
					A4950EF42A6339DB00B37B39 = {
						CreatedOnToolsVersion = 14.2;
					};
					A4B716792A5DCB9600505140 = {
						CreatedOnToolsVersion = 14.2;
					};
					A4B716842A5DCBAF00505140 = {
						CreatedOnToolsVersion = 14.2;
					};
					A4B7168F2A5DCBBB00505140 = {
						CreatedOnToolsVersion = 14.2;
					};
					A4BCA1E62B06524200AF134B = {
						CreatedOnToolsVersion = 14.2;
					};
					A4C2E56B2AAF25CC002F27BA = {
						CreatedOnToolsVersion = 14.2;
					};
					A4E03F2C2AF16B7900E83E19 = {
						CreatedOnToolsVersion = 14.2;
					};
				};
			};
			buildConfigurationList = A4B716672A5DCB7200505140 /* Build configuration list for PBXProject "DP" */;
			compatibilityVersion = "Xcode 14.0";
			developmentRegion = en;
			hasScannedForEncodings = 0;
			knownRegions = (
				en,
				Base,
			);
			mainGroup = A4B716632A5DCB7200505140;
			productRefGroup = A4B7166D2A5DCB7200505140 /* Products */;
			projectDirPath = "";
			projectRoot = "";
			targets = (
				A4B716792A5DCB9600505140 /* 2775 */,
				A4B716842A5DCBAF00505140 /* 17202 */,
				A4B7168F2A5DCBBB00505140 /* 24416 */,
				A4950EE92A6339C500B37B39 /* 1463 */,
				A4950EF42A6339DB00B37B39 /* 2193 */,
				A47E653C2A9F283300AAA974 /* 2169 */,
				A47E65472A9F30E900AAA974 /* 2208 */,
				A47E65942AA097D600AAA974 /* 2533 */,
				A47E659F2AA097DE00AAA974 /* 15681 */,
				A4C2E56B2AAF25CC002F27BA /* 11053 */,
				A4E03F2C2AF16B7900E83E19 /* 12852 */,
				A43B20B72B026C5800481A87 /* 11726 */,
				A4BCA1E62B06524200AF134B /* 11049 */,
			);
		};
/* End PBXProject section */

/* Begin PBXSourcesBuildPhase section */
		A43B20B42B026C5800481A87 /* Sources */ = {
			isa = PBXSourcesBuildPhase;
			buildActionMask = 2147483647;
			files = (
				A43B20BB2B026C5800481A87 /* main.cpp in Sources */,
			);
			runOnlyForDeploymentPostprocessing = 0;
		};
		A47E65392A9F283300AAA974 /* Sources */ = {
			isa = PBXSourcesBuildPhase;
			buildActionMask = 2147483647;
			files = (
				A47E65402A9F283300AAA974 /* main.cpp in Sources */,
			);
			runOnlyForDeploymentPostprocessing = 0;
		};
		A47E65442A9F30E900AAA974 /* Sources */ = {
			isa = PBXSourcesBuildPhase;
			buildActionMask = 2147483647;
			files = (
				A47E654B2A9F30E900AAA974 /* main.cpp in Sources */,
			);
			runOnlyForDeploymentPostprocessing = 0;
		};
		A47E65912AA097D600AAA974 /* Sources */ = {
			isa = PBXSourcesBuildPhase;
			buildActionMask = 2147483647;
			files = (
				A47E65982AA097D600AAA974 /* main.cpp in Sources */,
			);
			runOnlyForDeploymentPostprocessing = 0;
		};
		A47E659C2AA097DE00AAA974 /* Sources */ = {
			isa = PBXSourcesBuildPhase;
			buildActionMask = 2147483647;
			files = (
				A47E65A32AA097DE00AAA974 /* main.cpp in Sources */,
			);
			runOnlyForDeploymentPostprocessing = 0;
		};
		A4950EE62A6339C500B37B39 /* Sources */ = {
			isa = PBXSourcesBuildPhase;
			buildActionMask = 2147483647;
			files = (
				A4950EED2A6339C500B37B39 /* main.cpp in Sources */,
			);
			runOnlyForDeploymentPostprocessing = 0;
		};
		A4950EF12A6339DB00B37B39 /* Sources */ = {
			isa = PBXSourcesBuildPhase;
			buildActionMask = 2147483647;
			files = (
				A4950EF82A6339DB00B37B39 /* main.cpp in Sources */,
			);
			runOnlyForDeploymentPostprocessing = 0;
		};
		A4B716762A5DCB9600505140 /* Sources */ = {
			isa = PBXSourcesBuildPhase;
			buildActionMask = 2147483647;
			files = (
				A4B7167D2A5DCB9600505140 /* main.cpp in Sources */,
			);
			runOnlyForDeploymentPostprocessing = 0;
		};
		A4B716812A5DCBAF00505140 /* Sources */ = {
			isa = PBXSourcesBuildPhase;
			buildActionMask = 2147483647;
			files = (
				A4B716882A5DCBAF00505140 /* main.cpp in Sources */,
			);
			runOnlyForDeploymentPostprocessing = 0;
		};
		A4B7168C2A5DCBBB00505140 /* Sources */ = {
			isa = PBXSourcesBuildPhase;
			buildActionMask = 2147483647;
			files = (
				A4B716932A5DCBBB00505140 /* main.cpp in Sources */,
			);
			runOnlyForDeploymentPostprocessing = 0;
		};
		A4BCA1E32B06524200AF134B /* Sources */ = {
			isa = PBXSourcesBuildPhase;
			buildActionMask = 2147483647;
			files = (
				A4BCA1EA2B06524200AF134B /* main.cpp in Sources */,
			);
			runOnlyForDeploymentPostprocessing = 0;
		};
		A4C2E5682AAF25CC002F27BA /* Sources */ = {
			isa = PBXSourcesBuildPhase;
			buildActionMask = 2147483647;
			files = (
				A4C2E56F2AAF25CC002F27BA /* main.cpp in Sources */,
			);
			runOnlyForDeploymentPostprocessing = 0;
		};
		A4E03F292AF16B7900E83E19 /* Sources */ = {
			isa = PBXSourcesBuildPhase;
			buildActionMask = 2147483647;
			files = (
				A4E03F302AF16B7A00E83E19 /* main.cpp in Sources */,
			);
			runOnlyForDeploymentPostprocessing = 0;
		};
/* End PBXSourcesBuildPhase section */

/* Begin XCBuildConfiguration section */
		A43B20BC2B026C5800481A87 /* Debug */ = {
			isa = XCBuildConfiguration;
			buildSettings = {
				CODE_SIGN_STYLE = Automatic;
				PRODUCT_NAME = "$(TARGET_NAME)";
			};
			name = Debug;
		};
		A43B20BD2B026C5800481A87 /* Release */ = {
			isa = XCBuildConfiguration;
			buildSettings = {
				CODE_SIGN_STYLE = Automatic;
				PRODUCT_NAME = "$(TARGET_NAME)";
			};
			name = Release;
		};
		A47E65412A9F283300AAA974 /* Debug */ = {
			isa = XCBuildConfiguration;
			buildSettings = {
				CODE_SIGN_STYLE = Automatic;
				PRODUCT_NAME = "$(TARGET_NAME)";
			};
			name = Debug;
		};
		A47E65422A9F283300AAA974 /* Release */ = {
			isa = XCBuildConfiguration;
			buildSettings = {
				CODE_SIGN_STYLE = Automatic;
				PRODUCT_NAME = "$(TARGET_NAME)";
			};
			name = Release;
		};
		A47E654C2A9F30E900AAA974 /* Debug */ = {
			isa = XCBuildConfiguration;
			buildSettings = {
				CODE_SIGN_STYLE = Automatic;
				PRODUCT_NAME = "$(TARGET_NAME)";
			};
			name = Debug;
		};
		A47E654D2A9F30E900AAA974 /* Release */ = {
			isa = XCBuildConfiguration;
			buildSettings = {
				CODE_SIGN_STYLE = Automatic;
				PRODUCT_NAME = "$(TARGET_NAME)";
			};
			name = Release;
		};
		A47E65992AA097D600AAA974 /* Debug */ = {
			isa = XCBuildConfiguration;
			buildSettings = {
				CODE_SIGN_STYLE = Automatic;
				PRODUCT_NAME = "$(TARGET_NAME)";
			};
			name = Debug;
		};
		A47E659A2AA097D600AAA974 /* Release */ = {
			isa = XCBuildConfiguration;
			buildSettings = {
				CODE_SIGN_STYLE = Automatic;
				PRODUCT_NAME = "$(TARGET_NAME)";
			};
			name = Release;
		};
		A47E65A52AA097DE00AAA974 /* Debug */ = {
			isa = XCBuildConfiguration;
			buildSettings = {
				CODE_SIGN_STYLE = Automatic;
				PRODUCT_NAME = "$(TARGET_NAME)";
			};
			name = Debug;
		};
		A47E65A62AA097DE00AAA974 /* Release */ = {
			isa = XCBuildConfiguration;
			buildSettings = {
				CODE_SIGN_STYLE = Automatic;
				PRODUCT_NAME = "$(TARGET_NAME)";
			};
			name = Release;
		};
		A4950EEF2A6339C500B37B39 /* Debug */ = {
			isa = XCBuildConfiguration;
			buildSettings = {
				CODE_SIGN_STYLE = Automatic;
				PRODUCT_NAME = "$(TARGET_NAME)";
			};
			name = Debug;
		};
		A4950EF02A6339C500B37B39 /* Release */ = {
			isa = XCBuildConfiguration;
			buildSettings = {
				CODE_SIGN_STYLE = Automatic;
				PRODUCT_NAME = "$(TARGET_NAME)";
			};
			name = Release;
		};
		A4950EFA2A6339DB00B37B39 /* Debug */ = {
			isa = XCBuildConfiguration;
			buildSettings = {
				CODE_SIGN_STYLE = Automatic;
				PRODUCT_NAME = "$(TARGET_NAME)";
			};
			name = Debug;
		};
		A4950EFB2A6339DB00B37B39 /* Release */ = {
			isa = XCBuildConfiguration;
			buildSettings = {
				CODE_SIGN_STYLE = Automatic;
				PRODUCT_NAME = "$(TARGET_NAME)";
			};
			name = Release;
		};
		A4B716712A5DCB7200505140 /* Debug */ = {
			isa = XCBuildConfiguration;
			buildSettings = {
				ALWAYS_SEARCH_USER_PATHS = NO;
				CLANG_ANALYZER_NONNULL = YES;
				CLANG_ANALYZER_NUMBER_OBJECT_CONVERSION = YES_AGGRESSIVE;
				CLANG_CXX_LANGUAGE_STANDARD = "gnu++20";
				CLANG_ENABLE_MODULES = YES;
				CLANG_ENABLE_OBJC_ARC = YES;
				CLANG_ENABLE_OBJC_WEAK = YES;
				CLANG_WARN_BLOCK_CAPTURE_AUTORELEASING = YES;
				CLANG_WARN_BOOL_CONVERSION = YES;
				CLANG_WARN_COMMA = YES;
				CLANG_WARN_CONSTANT_CONVERSION = YES;
				CLANG_WARN_DEPRECATED_OBJC_IMPLEMENTATIONS = YES;
				CLANG_WARN_DIRECT_OBJC_ISA_USAGE = YES_ERROR;
				CLANG_WARN_DOCUMENTATION_COMMENTS = YES;
				CLANG_WARN_EMPTY_BODY = YES;
				CLANG_WARN_ENUM_CONVERSION = YES;
				CLANG_WARN_INFINITE_RECURSION = YES;
				CLANG_WARN_INT_CONVERSION = YES;
				CLANG_WARN_NON_LITERAL_NULL_CONVERSION = YES;
				CLANG_WARN_OBJC_IMPLICIT_RETAIN_SELF = YES;
				CLANG_WARN_OBJC_LITERAL_CONVERSION = YES;
				CLANG_WARN_OBJC_ROOT_CLASS = YES_ERROR;
				CLANG_WARN_QUOTED_INCLUDE_IN_FRAMEWORK_HEADER = YES;
				CLANG_WARN_RANGE_LOOP_ANALYSIS = YES;
				CLANG_WARN_STRICT_PROTOTYPES = YES;
				CLANG_WARN_SUSPICIOUS_MOVE = YES;
				CLANG_WARN_UNGUARDED_AVAILABILITY = YES_AGGRESSIVE;
				CLANG_WARN_UNREACHABLE_CODE = YES;
				CLANG_WARN__DUPLICATE_METHOD_MATCH = YES;
				COPY_PHASE_STRIP = NO;
				DEBUG_INFORMATION_FORMAT = dwarf;
				ENABLE_STRICT_OBJC_MSGSEND = YES;
				ENABLE_TESTABILITY = YES;
				GCC_C_LANGUAGE_STANDARD = gnu11;
				GCC_DYNAMIC_NO_PIC = NO;
				GCC_NO_COMMON_BLOCKS = YES;
				GCC_OPTIMIZATION_LEVEL = 0;
				GCC_PREPROCESSOR_DEFINITIONS = (
					"DEBUG=1",
					"$(inherited)",
				);
				GCC_WARN_64_TO_32_BIT_CONVERSION = YES;
				GCC_WARN_ABOUT_RETURN_TYPE = YES_ERROR;
				GCC_WARN_UNDECLARED_SELECTOR = YES;
				GCC_WARN_UNINITIALIZED_AUTOS = YES_AGGRESSIVE;
				GCC_WARN_UNUSED_FUNCTION = YES;
				GCC_WARN_UNUSED_VARIABLE = YES;
				MACOSX_DEPLOYMENT_TARGET = 13.0;
				MTL_ENABLE_DEBUG_INFO = INCLUDE_SOURCE;
				MTL_FAST_MATH = YES;
				ONLY_ACTIVE_ARCH = YES;
				SDKROOT = macosx;
			};
			name = Debug;
		};
		A4B716722A5DCB7200505140 /* Release */ = {
			isa = XCBuildConfiguration;
			buildSettings = {
				ALWAYS_SEARCH_USER_PATHS = NO;
				CLANG_ANALYZER_NONNULL = YES;
				CLANG_ANALYZER_NUMBER_OBJECT_CONVERSION = YES_AGGRESSIVE;
				CLANG_CXX_LANGUAGE_STANDARD = "gnu++20";
				CLANG_ENABLE_MODULES = YES;
				CLANG_ENABLE_OBJC_ARC = YES;
				CLANG_ENABLE_OBJC_WEAK = YES;
				CLANG_WARN_BLOCK_CAPTURE_AUTORELEASING = YES;
				CLANG_WARN_BOOL_CONVERSION = YES;
				CLANG_WARN_COMMA = YES;
				CLANG_WARN_CONSTANT_CONVERSION = YES;
				CLANG_WARN_DEPRECATED_OBJC_IMPLEMENTATIONS = YES;
				CLANG_WARN_DIRECT_OBJC_ISA_USAGE = YES_ERROR;
				CLANG_WARN_DOCUMENTATION_COMMENTS = YES;
				CLANG_WARN_EMPTY_BODY = YES;
				CLANG_WARN_ENUM_CONVERSION = YES;
				CLANG_WARN_INFINITE_RECURSION = YES;
				CLANG_WARN_INT_CONVERSION = YES;
				CLANG_WARN_NON_LITERAL_NULL_CONVERSION = YES;
				CLANG_WARN_OBJC_IMPLICIT_RETAIN_SELF = YES;
				CLANG_WARN_OBJC_LITERAL_CONVERSION = YES;
				CLANG_WARN_OBJC_ROOT_CLASS = YES_ERROR;
				CLANG_WARN_QUOTED_INCLUDE_IN_FRAMEWORK_HEADER = YES;
				CLANG_WARN_RANGE_LOOP_ANALYSIS = YES;
				CLANG_WARN_STRICT_PROTOTYPES = YES;
				CLANG_WARN_SUSPICIOUS_MOVE = YES;
				CLANG_WARN_UNGUARDED_AVAILABILITY = YES_AGGRESSIVE;
				CLANG_WARN_UNREACHABLE_CODE = YES;
				CLANG_WARN__DUPLICATE_METHOD_MATCH = YES;
				COPY_PHASE_STRIP = NO;
				DEBUG_INFORMATION_FORMAT = "dwarf-with-dsym";
				ENABLE_NS_ASSERTIONS = NO;
				ENABLE_STRICT_OBJC_MSGSEND = YES;
				GCC_C_LANGUAGE_STANDARD = gnu11;
				GCC_NO_COMMON_BLOCKS = YES;
				GCC_WARN_64_TO_32_BIT_CONVERSION = YES;
				GCC_WARN_ABOUT_RETURN_TYPE = YES_ERROR;
				GCC_WARN_UNDECLARED_SELECTOR = YES;
				GCC_WARN_UNINITIALIZED_AUTOS = YES_AGGRESSIVE;
				GCC_WARN_UNUSED_FUNCTION = YES;
				GCC_WARN_UNUSED_VARIABLE = YES;
				MACOSX_DEPLOYMENT_TARGET = 13.0;
				MTL_ENABLE_DEBUG_INFO = NO;
				MTL_FAST_MATH = YES;
				SDKROOT = macosx;
			};
			name = Release;
		};
		A4B7167F2A5DCB9600505140 /* Debug */ = {
			isa = XCBuildConfiguration;
			buildSettings = {
				CODE_SIGN_STYLE = Automatic;
				PRODUCT_NAME = "$(TARGET_NAME)";
			};
			name = Debug;
		};
		A4B716802A5DCB9600505140 /* Release */ = {
			isa = XCBuildConfiguration;
			buildSettings = {
				CODE_SIGN_STYLE = Automatic;
				PRODUCT_NAME = "$(TARGET_NAME)";
			};
			name = Release;
		};
		A4B7168A2A5DCBAF00505140 /* Debug */ = {
			isa = XCBuildConfiguration;
			buildSettings = {
				CODE_SIGN_STYLE = Automatic;
				PRODUCT_NAME = "$(TARGET_NAME)";
			};
			name = Debug;
		};
		A4B7168B2A5DCBAF00505140 /* Release */ = {
			isa = XCBuildConfiguration;
			buildSettings = {
				CODE_SIGN_STYLE = Automatic;
				PRODUCT_NAME = "$(TARGET_NAME)";
			};
			name = Release;
		};
		A4B716952A5DCBBB00505140 /* Debug */ = {
			isa = XCBuildConfiguration;
			buildSettings = {
				CODE_SIGN_STYLE = Automatic;
				PRODUCT_NAME = "$(TARGET_NAME)";
			};
			name = Debug;
		};
		A4B716962A5DCBBB00505140 /* Release */ = {
			isa = XCBuildConfiguration;
			buildSettings = {
				CODE_SIGN_STYLE = Automatic;
				PRODUCT_NAME = "$(TARGET_NAME)";
			};
			name = Release;
		};
		A4BCA1EB2B06524200AF134B /* Debug */ = {
			isa = XCBuildConfiguration;
			buildSettings = {
				CODE_SIGN_STYLE = Automatic;
				PRODUCT_NAME = "$(TARGET_NAME)";
			};
			name = Debug;
		};
		A4BCA1EC2B06524200AF134B /* Release */ = {
			isa = XCBuildConfiguration;
			buildSettings = {
				CODE_SIGN_STYLE = Automatic;
				PRODUCT_NAME = "$(TARGET_NAME)";
			};
			name = Release;
		};
		A4C2E5702AAF25CC002F27BA /* Debug */ = {
			isa = XCBuildConfiguration;
			buildSettings = {
				CODE_SIGN_STYLE = Automatic;
				PRODUCT_NAME = "$(TARGET_NAME)";
			};
			name = Debug;
		};
		A4C2E5712AAF25CC002F27BA /* Release */ = {
			isa = XCBuildConfiguration;
			buildSettings = {
				CODE_SIGN_STYLE = Automatic;
				PRODUCT_NAME = "$(TARGET_NAME)";
			};
			name = Release;
		};
		A4E03F312AF16B7A00E83E19 /* Debug */ = {
			isa = XCBuildConfiguration;
			buildSettings = {
				CODE_SIGN_STYLE = Automatic;
				PRODUCT_NAME = "$(TARGET_NAME)";
			};
			name = Debug;
		};
		A4E03F322AF16B7A00E83E19 /* Release */ = {
			isa = XCBuildConfiguration;
			buildSettings = {
				CODE_SIGN_STYLE = Automatic;
				PRODUCT_NAME = "$(TARGET_NAME)";
			};
			name = Release;
		};
/* End XCBuildConfiguration section */

/* Begin XCConfigurationList section */
		A43B20BE2B026C5800481A87 /* Build configuration list for PBXNativeTarget "11726" */ = {
			isa = XCConfigurationList;
			buildConfigurations = (
				A43B20BC2B026C5800481A87 /* Debug */,
				A43B20BD2B026C5800481A87 /* Release */,
			);
			defaultConfigurationIsVisible = 0;
			defaultConfigurationName = Release;
		};
		A47E65432A9F283300AAA974 /* Build configuration list for PBXNativeTarget "2169" */ = {
			isa = XCConfigurationList;
			buildConfigurations = (
				A47E65412A9F283300AAA974 /* Debug */,
				A47E65422A9F283300AAA974 /* Release */,
			);
			defaultConfigurationIsVisible = 0;
			defaultConfigurationName = Release;
		};
		A47E654E2A9F30E900AAA974 /* Build configuration list for PBXNativeTarget "2208" */ = {
			isa = XCConfigurationList;
			buildConfigurations = (
				A47E654C2A9F30E900AAA974 /* Debug */,
				A47E654D2A9F30E900AAA974 /* Release */,
			);
			defaultConfigurationIsVisible = 0;
			defaultConfigurationName = Release;
		};
		A47E659B2AA097D600AAA974 /* Build configuration list for PBXNativeTarget "2533" */ = {
			isa = XCConfigurationList;
			buildConfigurations = (
				A47E65992AA097D600AAA974 /* Debug */,
				A47E659A2AA097D600AAA974 /* Release */,
			);
			defaultConfigurationIsVisible = 0;
			defaultConfigurationName = Release;
		};
		A47E65A42AA097DE00AAA974 /* Build configuration list for PBXNativeTarget "15681" */ = {
			isa = XCConfigurationList;
			buildConfigurations = (
				A47E65A52AA097DE00AAA974 /* Debug */,
				A47E65A62AA097DE00AAA974 /* Release */,
			);
			defaultConfigurationIsVisible = 0;
			defaultConfigurationName = Release;
		};
		A4950EEE2A6339C500B37B39 /* Build configuration list for PBXNativeTarget "1463" */ = {
			isa = XCConfigurationList;
			buildConfigurations = (
				A4950EEF2A6339C500B37B39 /* Debug */,
				A4950EF02A6339C500B37B39 /* Release */,
			);
			defaultConfigurationIsVisible = 0;
			defaultConfigurationName = Release;
		};
		A4950EF92A6339DB00B37B39 /* Build configuration list for PBXNativeTarget "2193" */ = {
			isa = XCConfigurationList;
			buildConfigurations = (
				A4950EFA2A6339DB00B37B39 /* Debug */,
				A4950EFB2A6339DB00B37B39 /* Release */,
			);
			defaultConfigurationIsVisible = 0;
			defaultConfigurationName = Release;
		};
		A4B716672A5DCB7200505140 /* Build configuration list for PBXProject "DP" */ = {
			isa = XCConfigurationList;
			buildConfigurations = (
				A4B716712A5DCB7200505140 /* Debug */,
				A4B716722A5DCB7200505140 /* Release */,
			);
			defaultConfigurationIsVisible = 0;
			defaultConfigurationName = Release;
		};
		A4B7167E2A5DCB9600505140 /* Build configuration list for PBXNativeTarget "2775" */ = {
			isa = XCConfigurationList;
			buildConfigurations = (
				A4B7167F2A5DCB9600505140 /* Debug */,
				A4B716802A5DCB9600505140 /* Release */,
			);
			defaultConfigurationIsVisible = 0;
			defaultConfigurationName = Release;
		};
		A4B716892A5DCBAF00505140 /* Build configuration list for PBXNativeTarget "17202" */ = {
			isa = XCConfigurationList;
			buildConfigurations = (
				A4B7168A2A5DCBAF00505140 /* Debug */,
				A4B7168B2A5DCBAF00505140 /* Release */,
			);
			defaultConfigurationIsVisible = 0;
			defaultConfigurationName = Release;
		};
		A4B716942A5DCBBB00505140 /* Build configuration list for PBXNativeTarget "24416" */ = {
			isa = XCConfigurationList;
			buildConfigurations = (
				A4B716952A5DCBBB00505140 /* Debug */,
				A4B716962A5DCBBB00505140 /* Release */,
			);
			defaultConfigurationIsVisible = 0;
			defaultConfigurationName = Release;
		};
		A4BCA1ED2B06524200AF134B /* Build configuration list for PBXNativeTarget "11049" */ = {
			isa = XCConfigurationList;
			buildConfigurations = (
				A4BCA1EB2B06524200AF134B /* Debug */,
				A4BCA1EC2B06524200AF134B /* Release */,
			);
			defaultConfigurationIsVisible = 0;
			defaultConfigurationName = Release;
		};
		A4C2E5722AAF25CC002F27BA /* Build configuration list for PBXNativeTarget "11053" */ = {
			isa = XCConfigurationList;
			buildConfigurations = (
				A4C2E5702AAF25CC002F27BA /* Debug */,
				A4C2E5712AAF25CC002F27BA /* Release */,
			);
			defaultConfigurationIsVisible = 0;
			defaultConfigurationName = Release;
		};
		A4E03F332AF16B7A00E83E19 /* Build configuration list for PBXNativeTarget "12852" */ = {
			isa = XCConfigurationList;
			buildConfigurations = (
				A4E03F312AF16B7A00E83E19 /* Debug */,
				A4E03F322AF16B7A00E83E19 /* Release */,
			);
			defaultConfigurationIsVisible = 0;
			defaultConfigurationName = Release;
		};
/* End XCConfigurationList section */
	};
	rootObject = A4B716642A5DCB7200505140 /* Project object */;
}
