// !$*UTF8*$!
{
	archiveVersion = 1;
	classes = {
	};
	objectVersion = 56;
	objects = {

/* Begin PBXBuildFile section */
		A405CA742A7ED64A00CCF8C7 /* main.cpp in Sources */ = {isa = PBXBuildFile; fileRef = A405CA732A7ED64A00CCF8C7 /* main.cpp */; };
		A405CA7F2A7ED65600CCF8C7 /* main.cpp in Sources */ = {isa = PBXBuildFile; fileRef = A405CA7E2A7ED65600CCF8C7 /* main.cpp */; };
		A405CA8A2A7ED66400CCF8C7 /* main.cpp in Sources */ = {isa = PBXBuildFile; fileRef = A405CA892A7ED66400CCF8C7 /* main.cpp */; };
		A4E112BD2AF97F9D007115CB /* main.cpp in Sources */ = {isa = PBXBuildFile; fileRef = A4E112BC2AF97F9D007115CB /* main.cpp */; };
/* End PBXBuildFile section */

/* Begin PBXCopyFilesBuildPhase section */
		A405CA6F2A7ED64A00CCF8C7 /* CopyFiles */ = {
			isa = PBXCopyFilesBuildPhase;
			buildActionMask = 2147483647;
			dstPath = /usr/share/man/man1/;
			dstSubfolderSpec = 0;
			files = (
			);
			runOnlyForDeploymentPostprocessing = 1;
		};
		A405CA7A2A7ED65600CCF8C7 /* CopyFiles */ = {
			isa = PBXCopyFilesBuildPhase;
			buildActionMask = 2147483647;
			dstPath = /usr/share/man/man1/;
			dstSubfolderSpec = 0;
			files = (
			);
			runOnlyForDeploymentPostprocessing = 1;
		};
		A405CA852A7ED66400CCF8C7 /* CopyFiles */ = {
			isa = PBXCopyFilesBuildPhase;
			buildActionMask = 2147483647;
			dstPath = /usr/share/man/man1/;
			dstSubfolderSpec = 0;
			files = (
			);
			runOnlyForDeploymentPostprocessing = 1;
		};
		A4E112B82AF97F9D007115CB /* CopyFiles */ = {
			isa = PBXCopyFilesBuildPhase;
			buildActionMask = 2147483647;
			dstPath = /usr/share/man/man1/;
			dstSubfolderSpec = 0;
			files = (
			);
			runOnlyForDeploymentPostprocessing = 1;
		};
/* End PBXCopyFilesBuildPhase section */

/* Begin PBXFileReference section */
		A405CA712A7ED64A00CCF8C7 /* 24092 */ = {isa = PBXFileReference; explicitFileType = "compiled.mach-o.executable"; includeInIndex = 0; path = 24092; sourceTree = BUILT_PRODUCTS_DIR; };
		A405CA732A7ED64A00CCF8C7 /* main.cpp */ = {isa = PBXFileReference; lastKnownFileType = sourcecode.cpp.cpp; path = main.cpp; sourceTree = "<group>"; };
		A405CA7C2A7ED65600CCF8C7 /* 24053 */ = {isa = PBXFileReference; explicitFileType = "compiled.mach-o.executable"; includeInIndex = 0; path = 24053; sourceTree = BUILT_PRODUCTS_DIR; };
		A405CA7E2A7ED65600CCF8C7 /* main.cpp */ = {isa = PBXFileReference; lastKnownFileType = sourcecode.cpp.cpp; path = main.cpp; sourceTree = "<group>"; };
		A405CA872A7ED66400CCF8C7 /* 23883 */ = {isa = PBXFileReference; explicitFileType = "compiled.mach-o.executable"; includeInIndex = 0; path = 23883; sourceTree = BUILT_PRODUCTS_DIR; };
		A405CA892A7ED66400CCF8C7 /* main.cpp */ = {isa = PBXFileReference; lastKnownFileType = sourcecode.cpp.cpp; path = main.cpp; sourceTree = "<group>"; };
		A4E112BA2AF97F9D007115CB /* 20920 */ = {isa = PBXFileReference; explicitFileType = "compiled.mach-o.executable"; includeInIndex = 0; path = 20920; sourceTree = BUILT_PRODUCTS_DIR; };
		A4E112BC2AF97F9D007115CB /* main.cpp */ = {isa = PBXFileReference; lastKnownFileType = sourcecode.cpp.cpp; path = main.cpp; sourceTree = "<group>"; };
/* End PBXFileReference section */

/* Begin PBXFrameworksBuildPhase section */
		A405CA6E2A7ED64A00CCF8C7 /* Frameworks */ = {
			isa = PBXFrameworksBuildPhase;
			buildActionMask = 2147483647;
			files = (
			);
			runOnlyForDeploymentPostprocessing = 0;
		};
		A405CA792A7ED65600CCF8C7 /* Frameworks */ = {
			isa = PBXFrameworksBuildPhase;
			buildActionMask = 2147483647;
			files = (
			);
			runOnlyForDeploymentPostprocessing = 0;
		};
		A405CA842A7ED66400CCF8C7 /* Frameworks */ = {
			isa = PBXFrameworksBuildPhase;
			buildActionMask = 2147483647;
			files = (
			);
			runOnlyForDeploymentPostprocessing = 0;
		};
		A4E112B72AF97F9D007115CB /* Frameworks */ = {
			isa = PBXFrameworksBuildPhase;
			buildActionMask = 2147483647;
			files = (
			);
			runOnlyForDeploymentPostprocessing = 0;
		};
/* End PBXFrameworksBuildPhase section */

/* Begin PBXGroup section */
		A405CA5A2A7ED61800CCF8C7 = {
			isa = PBXGroup;
			children = (
				A405CA722A7ED64A00CCF8C7 /* 24092 */,
				A405CA7D2A7ED65600CCF8C7 /* 24053 */,
				A405CA882A7ED66400CCF8C7 /* 23883 */,
				A4E112BB2AF97F9D007115CB /* 20920 */,
				A405CA642A7ED61800CCF8C7 /* Products */,
			);
			sourceTree = "<group>";
		};
		A405CA642A7ED61800CCF8C7 /* Products */ = {
			isa = PBXGroup;
			children = (
				A405CA712A7ED64A00CCF8C7 /* 24092 */,
				A405CA7C2A7ED65600CCF8C7 /* 24053 */,
				A405CA872A7ED66400CCF8C7 /* 23883 */,
				A4E112BA2AF97F9D007115CB /* 20920 */,
			);
			name = Products;
			sourceTree = "<group>";
		};
		A405CA722A7ED64A00CCF8C7 /* 24092 */ = {
			isa = PBXGroup;
			children = (
				A405CA732A7ED64A00CCF8C7 /* main.cpp */,
			);
			path = 24092;
			sourceTree = "<group>";
		};
		A405CA7D2A7ED65600CCF8C7 /* 24053 */ = {
			isa = PBXGroup;
			children = (
				A405CA7E2A7ED65600CCF8C7 /* main.cpp */,
			);
			path = 24053;
			sourceTree = "<group>";
		};
		A405CA882A7ED66400CCF8C7 /* 23883 */ = {
			isa = PBXGroup;
			children = (
				A405CA892A7ED66400CCF8C7 /* main.cpp */,
			);
			path = 23883;
			sourceTree = "<group>";
		};
		A4E112BB2AF97F9D007115CB /* 20920 */ = {
			isa = PBXGroup;
			children = (
				A4E112BC2AF97F9D007115CB /* main.cpp */,
			);
			path = 20920;
			sourceTree = "<group>";
		};
/* End PBXGroup section */

/* Begin PBXNativeTarget section */
		A405CA702A7ED64A00CCF8C7 /* 24092 */ = {
			isa = PBXNativeTarget;
			buildConfigurationList = A405CA772A7ED64A00CCF8C7 /* Build configuration list for PBXNativeTarget "24092" */;
			buildPhases = (
				A405CA6D2A7ED64A00CCF8C7 /* Sources */,
				A405CA6E2A7ED64A00CCF8C7 /* Frameworks */,
				A405CA6F2A7ED64A00CCF8C7 /* CopyFiles */,
			);
			buildRules = (
			);
			dependencies = (
			);
			name = 24092;
			productName = 24092;
			productReference = A405CA712A7ED64A00CCF8C7 /* 24092 */;
			productType = "com.apple.product-type.tool";
		};
		A405CA7B2A7ED65600CCF8C7 /* 24053 */ = {
			isa = PBXNativeTarget;
			buildConfigurationList = A405CA802A7ED65600CCF8C7 /* Build configuration list for PBXNativeTarget "24053" */;
			buildPhases = (
				A405CA782A7ED65600CCF8C7 /* Sources */,
				A405CA792A7ED65600CCF8C7 /* Frameworks */,
				A405CA7A2A7ED65600CCF8C7 /* CopyFiles */,
			);
			buildRules = (
			);
			dependencies = (
			);
			name = 24053;
			productName = 24053;
			productReference = A405CA7C2A7ED65600CCF8C7 /* 24053 */;
			productType = "com.apple.product-type.tool";
		};
		A405CA862A7ED66400CCF8C7 /* 23883 */ = {
			isa = PBXNativeTarget;
			buildConfigurationList = A405CA8B2A7ED66400CCF8C7 /* Build configuration list for PBXNativeTarget "23883" */;
			buildPhases = (
				A405CA832A7ED66400CCF8C7 /* Sources */,
				A405CA842A7ED66400CCF8C7 /* Frameworks */,
				A405CA852A7ED66400CCF8C7 /* CopyFiles */,
			);
			buildRules = (
			);
			dependencies = (
			);
			name = 23883;
			productName = 23883;
			productReference = A405CA872A7ED66400CCF8C7 /* 23883 */;
			productType = "com.apple.product-type.tool";
		};
		A4E112B92AF97F9D007115CB /* 20920 */ = {
			isa = PBXNativeTarget;
			buildConfigurationList = A4E112C02AF97F9D007115CB /* Build configuration list for PBXNativeTarget "20920" */;
			buildPhases = (
				A4E112B62AF97F9D007115CB /* Sources */,
				A4E112B72AF97F9D007115CB /* Frameworks */,
				A4E112B82AF97F9D007115CB /* CopyFiles */,
			);
			buildRules = (
			);
			dependencies = (
			);
			name = 20920;
			productName = 20920;
			productReference = A4E112BA2AF97F9D007115CB /* 20920 */;
			productType = "com.apple.product-type.tool";
		};
/* End PBXNativeTarget section */

/* Begin PBXProject section */
		A405CA5B2A7ED61800CCF8C7 /* Project object */ = {
			isa = PBXProject;
			attributes = {
				BuildIndependentTargetsInParallel = 1;
				LastUpgradeCheck = 1420;
				TargetAttributes = {
					A405CA702A7ED64A00CCF8C7 = {
						CreatedOnToolsVersion = 14.2;
					};
					A405CA7B2A7ED65600CCF8C7 = {
						CreatedOnToolsVersion = 14.2;
					};
					A405CA862A7ED66400CCF8C7 = {
						CreatedOnToolsVersion = 14.2;
					};
					A4E112B92AF97F9D007115CB = {
						CreatedOnToolsVersion = 14.2;
					};
				};
			};
			buildConfigurationList = A405CA5E2A7ED61800CCF8C7 /* Build configuration list for PBXProject "Sort" */;
			compatibilityVersion = "Xcode 14.0";
			developmentRegion = en;
			hasScannedForEncodings = 0;
			knownRegions = (
				en,
				Base,
			);
			mainGroup = A405CA5A2A7ED61800CCF8C7;
			productRefGroup = A405CA642A7ED61800CCF8C7 /* Products */;
			projectDirPath = "";
			projectRoot = "";
			targets = (
				A405CA702A7ED64A00CCF8C7 /* 24092 */,
				A405CA7B2A7ED65600CCF8C7 /* 24053 */,
				A405CA862A7ED66400CCF8C7 /* 23883 */,
				A4E112B92AF97F9D007115CB /* 20920 */,
			);
		};
/* End PBXProject section */

/* Begin PBXSourcesBuildPhase section */
		A405CA6D2A7ED64A00CCF8C7 /* Sources */ = {
			isa = PBXSourcesBuildPhase;
			buildActionMask = 2147483647;
			files = (
				A405CA742A7ED64A00CCF8C7 /* main.cpp in Sources */,
			);
			runOnlyForDeploymentPostprocessing = 0;
		};
		A405CA782A7ED65600CCF8C7 /* Sources */ = {
			isa = PBXSourcesBuildPhase;
			buildActionMask = 2147483647;
			files = (
				A405CA7F2A7ED65600CCF8C7 /* main.cpp in Sources */,
			);
			runOnlyForDeploymentPostprocessing = 0;
		};
		A405CA832A7ED66400CCF8C7 /* Sources */ = {
			isa = PBXSourcesBuildPhase;
			buildActionMask = 2147483647;
			files = (
				A405CA8A2A7ED66400CCF8C7 /* main.cpp in Sources */,
			);
			runOnlyForDeploymentPostprocessing = 0;
		};
		A4E112B62AF97F9D007115CB /* Sources */ = {
			isa = PBXSourcesBuildPhase;
			buildActionMask = 2147483647;
			files = (
				A4E112BD2AF97F9D007115CB /* main.cpp in Sources */,
			);
			runOnlyForDeploymentPostprocessing = 0;
		};
/* End PBXSourcesBuildPhase section */

/* Begin XCBuildConfiguration section */
		A405CA682A7ED61800CCF8C7 /* Debug */ = {
			isa = XCBuildConfiguration;
			buildSettings = {
				ALWAYS_SEARCH_USER_PATHS = NO;
				CLANG_ANALYZER_NONNULL = YES;
				CLANG_ANALYZER_NUMBER_OBJECT_CONVERSION = YES_AGGRESSIVE;
				CLANG_CXX_LANGUAGE_STANDARD = "gnu++20";
				CLANG_ENABLE_MODULES = YES;
				CLANG_ENABLE_OBJC_ARC = YES;
				CLANG_ENABLE_OBJC_WEAK = YES;
				CLANG_WARN_BLOCK_CAPTURE_AUTORELEASING = YES;
				CLANG_WARN_BOOL_CONVERSION = YES;
				CLANG_WARN_COMMA = YES;
				CLANG_WARN_CONSTANT_CONVERSION = YES;
				CLANG_WARN_DEPRECATED_OBJC_IMPLEMENTATIONS = YES;
				CLANG_WARN_DIRECT_OBJC_ISA_USAGE = YES_ERROR;
				CLANG_WARN_DOCUMENTATION_COMMENTS = YES;
				CLANG_WARN_EMPTY_BODY = YES;
				CLANG_WARN_ENUM_CONVERSION = YES;
				CLANG_WARN_INFINITE_RECURSION = YES;
				CLANG_WARN_INT_CONVERSION = YES;
				CLANG_WARN_NON_LITERAL_NULL_CONVERSION = YES;
				CLANG_WARN_OBJC_IMPLICIT_RETAIN_SELF = YES;
				CLANG_WARN_OBJC_LITERAL_CONVERSION = YES;
				CLANG_WARN_OBJC_ROOT_CLASS = YES_ERROR;
				CLANG_WARN_QUOTED_INCLUDE_IN_FRAMEWORK_HEADER = YES;
				CLANG_WARN_RANGE_LOOP_ANALYSIS = YES;
				CLANG_WARN_STRICT_PROTOTYPES = YES;
				CLANG_WARN_SUSPICIOUS_MOVE = YES;
				CLANG_WARN_UNGUARDED_AVAILABILITY = YES_AGGRESSIVE;
				CLANG_WARN_UNREACHABLE_CODE = YES;
				CLANG_WARN__DUPLICATE_METHOD_MATCH = YES;
				COPY_PHASE_STRIP = NO;
				DEBUG_INFORMATION_FORMAT = dwarf;
				ENABLE_STRICT_OBJC_MSGSEND = YES;
				ENABLE_TESTABILITY = YES;
				GCC_C_LANGUAGE_STANDARD = gnu11;
				GCC_DYNAMIC_NO_PIC = NO;
				GCC_NO_COMMON_BLOCKS = YES;
				GCC_OPTIMIZATION_LEVEL = 0;
				GCC_PREPROCESSOR_DEFINITIONS = (
					"DEBUG=1",
					"$(inherited)",
				);
				GCC_WARN_64_TO_32_BIT_CONVERSION = YES;
				GCC_WARN_ABOUT_RETURN_TYPE = YES_ERROR;
				GCC_WARN_UNDECLARED_SELECTOR = YES;
				GCC_WARN_UNINITIALIZED_AUTOS = YES_AGGRESSIVE;
				GCC_WARN_UNUSED_FUNCTION = YES;
				GCC_WARN_UNUSED_VARIABLE = YES;
				MACOSX_DEPLOYMENT_TARGET = 13.0;
				MTL_ENABLE_DEBUG_INFO = INCLUDE_SOURCE;
				MTL_FAST_MATH = YES;
				ONLY_ACTIVE_ARCH = YES;
				SDKROOT = macosx;
			};
			name = Debug;
		};
		A405CA692A7ED61800CCF8C7 /* Release */ = {
			isa = XCBuildConfiguration;
			buildSettings = {
				ALWAYS_SEARCH_USER_PATHS = NO;
				CLANG_ANALYZER_NONNULL = YES;
				CLANG_ANALYZER_NUMBER_OBJECT_CONVERSION = YES_AGGRESSIVE;
				CLANG_CXX_LANGUAGE_STANDARD = "gnu++20";
				CLANG_ENABLE_MODULES = YES;
				CLANG_ENABLE_OBJC_ARC = YES;
				CLANG_ENABLE_OBJC_WEAK = YES;
				CLANG_WARN_BLOCK_CAPTURE_AUTORELEASING = YES;
				CLANG_WARN_BOOL_CONVERSION = YES;
				CLANG_WARN_COMMA = YES;
				CLANG_WARN_CONSTANT_CONVERSION = YES;
				CLANG_WARN_DEPRECATED_OBJC_IMPLEMENTATIONS = YES;
				CLANG_WARN_DIRECT_OBJC_ISA_USAGE = YES_ERROR;
				CLANG_WARN_DOCUMENTATION_COMMENTS = YES;
				CLANG_WARN_EMPTY_BODY = YES;
				CLANG_WARN_ENUM_CONVERSION = YES;
				CLANG_WARN_INFINITE_RECURSION = YES;
				CLANG_WARN_INT_CONVERSION = YES;
				CLANG_WARN_NON_LITERAL_NULL_CONVERSION = YES;
				CLANG_WARN_OBJC_IMPLICIT_RETAIN_SELF = YES;
				CLANG_WARN_OBJC_LITERAL_CONVERSION = YES;
				CLANG_WARN_OBJC_ROOT_CLASS = YES_ERROR;
				CLANG_WARN_QUOTED_INCLUDE_IN_FRAMEWORK_HEADER = YES;
				CLANG_WARN_RANGE_LOOP_ANALYSIS = YES;
				CLANG_WARN_STRICT_PROTOTYPES = YES;
				CLANG_WARN_SUSPICIOUS_MOVE = YES;
				CLANG_WARN_UNGUARDED_AVAILABILITY = YES_AGGRESSIVE;
				CLANG_WARN_UNREACHABLE_CODE = YES;
				CLANG_WARN__DUPLICATE_METHOD_MATCH = YES;
				COPY_PHASE_STRIP = NO;
				DEBUG_INFORMATION_FORMAT = "dwarf-with-dsym";
				ENABLE_NS_ASSERTIONS = NO;
				ENABLE_STRICT_OBJC_MSGSEND = YES;
				GCC_C_LANGUAGE_STANDARD = gnu11;
				GCC_NO_COMMON_BLOCKS = YES;
				GCC_WARN_64_TO_32_BIT_CONVERSION = YES;
				GCC_WARN_ABOUT_RETURN_TYPE = YES_ERROR;
				GCC_WARN_UNDECLARED_SELECTOR = YES;
				GCC_WARN_UNINITIALIZED_AUTOS = YES_AGGRESSIVE;
				GCC_WARN_UNUSED_FUNCTION = YES;
				GCC_WARN_UNUSED_VARIABLE = YES;
				MACOSX_DEPLOYMENT_TARGET = 13.0;
				MTL_ENABLE_DEBUG_INFO = NO;
				MTL_FAST_MATH = YES;
				SDKROOT = macosx;
			};
			name = Release;
		};
		A405CA752A7ED64A00CCF8C7 /* Debug */ = {
			isa = XCBuildConfiguration;
			buildSettings = {
				CODE_SIGN_STYLE = Automatic;
				PRODUCT_NAME = "$(TARGET_NAME)";
			};
			name = Debug;
		};
		A405CA762A7ED64A00CCF8C7 /* Release */ = {
			isa = XCBuildConfiguration;
			buildSettings = {
				CODE_SIGN_STYLE = Automatic;
				PRODUCT_NAME = "$(TARGET_NAME)";
			};
			name = Release;
		};
		A405CA812A7ED65600CCF8C7 /* Debug */ = {
			isa = XCBuildConfiguration;
			buildSettings = {
				CODE_SIGN_STYLE = Automatic;
				PRODUCT_NAME = "$(TARGET_NAME)";
			};
			name = Debug;
		};
		A405CA822A7ED65600CCF8C7 /* Release */ = {
			isa = XCBuildConfiguration;
			buildSettings = {
				CODE_SIGN_STYLE = Automatic;
				PRODUCT_NAME = "$(TARGET_NAME)";
			};
			name = Release;
		};
		A405CA8C2A7ED66400CCF8C7 /* Debug */ = {
			isa = XCBuildConfiguration;
			buildSettings = {
				CODE_SIGN_STYLE = Automatic;
				PRODUCT_NAME = "$(TARGET_NAME)";
			};
			name = Debug;
		};
		A405CA8D2A7ED66400CCF8C7 /* Release */ = {
			isa = XCBuildConfiguration;
			buildSettings = {
				CODE_SIGN_STYLE = Automatic;
				PRODUCT_NAME = "$(TARGET_NAME)";
			};
			name = Release;
		};
		A4E112BE2AF97F9D007115CB /* Debug */ = {
			isa = XCBuildConfiguration;
			buildSettings = {
				CODE_SIGN_STYLE = Automatic;
				PRODUCT_NAME = "$(TARGET_NAME)";
			};
			name = Debug;
		};
		A4E112BF2AF97F9D007115CB /* Release */ = {
			isa = XCBuildConfiguration;
			buildSettings = {
				CODE_SIGN_STYLE = Automatic;
				PRODUCT_NAME = "$(TARGET_NAME)";
			};
			name = Release;
		};
/* End XCBuildConfiguration section */

/* Begin XCConfigurationList section */
		A405CA5E2A7ED61800CCF8C7 /* Build configuration list for PBXProject "Sort" */ = {
			isa = XCConfigurationList;
			buildConfigurations = (
				A405CA682A7ED61800CCF8C7 /* Debug */,
				A405CA692A7ED61800CCF8C7 /* Release */,
			);
			defaultConfigurationIsVisible = 0;
			defaultConfigurationName = Release;
		};
		A405CA772A7ED64A00CCF8C7 /* Build configuration list for PBXNativeTarget "24092" */ = {
			isa = XCConfigurationList;
			buildConfigurations = (
				A405CA752A7ED64A00CCF8C7 /* Debug */,
				A405CA762A7ED64A00CCF8C7 /* Release */,
			);
			defaultConfigurationIsVisible = 0;
			defaultConfigurationName = Release;
		};
		A405CA802A7ED65600CCF8C7 /* Build configuration list for PBXNativeTarget "24053" */ = {
			isa = XCConfigurationList;
			buildConfigurations = (
				A405CA812A7ED65600CCF8C7 /* Debug */,
				A405CA822A7ED65600CCF8C7 /* Release */,
			);
			defaultConfigurationIsVisible = 0;
			defaultConfigurationName = Release;
		};
		A405CA8B2A7ED66400CCF8C7 /* Build configuration list for PBXNativeTarget "23883" */ = {
			isa = XCConfigurationList;
			buildConfigurations = (
				A405CA8C2A7ED66400CCF8C7 /* Debug */,
				A405CA8D2A7ED66400CCF8C7 /* Release */,
			);
			defaultConfigurationIsVisible = 0;
			defaultConfigurationName = Release;
		};
		A4E112C02AF97F9D007115CB /* Build configuration list for PBXNativeTarget "20920" */ = {
			isa = XCConfigurationList;
			buildConfigurations = (
				A4E112BE2AF97F9D007115CB /* Debug */,
				A4E112BF2AF97F9D007115CB /* Release */,
			);
			defaultConfigurationIsVisible = 0;
			defaultConfigurationName = Release;
		};
/* End XCConfigurationList section */
	};
	rootObject = A405CA5B2A7ED61800CCF8C7 /* Project object */;
}
