// !$*UTF8*$!
{
	archiveVersion = 1;
	classes = {
	};
	objectVersion = 56;
	objects = {

/* Begin PBXBuildFile section */
		A44A73252ACAEFD900B584C0 /* main.cpp in Sources */ = {isa = PBXBuildFile; fileRef = A44A73242ACAEFD900B584C0 /* main.cpp */; };
		A44A73302ACAEFF600B584C0 /* main.cpp in Sources */ = {isa = PBXBuildFile; fileRef = A44A732F2ACAEFF600B584C0 /* main.cpp */; };
		A4E112862AF7AC88007115CB /* main.cpp in Sources */ = {isa = PBXBuildFile; fileRef = A4E112852AF7AC88007115CB /* main.cpp */; };
		A4E1129C2AF83559007115CB /* main.cpp in Sources */ = {isa = PBXBuildFile; fileRef = A4E1129B2AF83559007115CB /* main.cpp */; };
		A4E4A9672AC349D800164EBD /* main.cpp in Sources */ = {isa = PBXBuildFile; fileRef = A4E4A9662AC349D800164EBD /* main.cpp */; };
		A4E4A9722AC349E600164EBD /* main.cpp in Sources */ = {isa = PBXBuildFile; fileRef = A4E4A9712AC349E600164EBD /* main.cpp */; };
		A4E4A9932AC4181300164EBD /* main.cpp in Sources */ = {isa = PBXBuildFile; fileRef = A4E4A9922AC4181300164EBD /* main.cpp */; };
		A4E4A9A92AC6F4FB00164EBD /* main.cpp in Sources */ = {isa = PBXBuildFile; fileRef = A4E4A9A82AC6F4FB00164EBD /* main.cpp */; };
/* End PBXBuildFile section */

/* Begin PBXCopyFilesBuildPhase section */
		A44A73202ACAEFD900B584C0 /* CopyFiles */ = {
			isa = PBXCopyFilesBuildPhase;
			buildActionMask = 2147483647;
			dstPath = /usr/share/man/man1/;
			dstSubfolderSpec = 0;
			files = (
			);
			runOnlyForDeploymentPostprocessing = 1;
		};
		A44A732B2ACAEFF600B584C0 /* CopyFiles */ = {
			isa = PBXCopyFilesBuildPhase;
			buildActionMask = 2147483647;
			dstPath = /usr/share/man/man1/;
			dstSubfolderSpec = 0;
			files = (
			);
			runOnlyForDeploymentPostprocessing = 1;
		};
		A4E112812AF7AC88007115CB /* CopyFiles */ = {
			isa = PBXCopyFilesBuildPhase;
			buildActionMask = 2147483647;
			dstPath = /usr/share/man/man1/;
			dstSubfolderSpec = 0;
			files = (
			);
			runOnlyForDeploymentPostprocessing = 1;
		};
		A4E112972AF83559007115CB /* CopyFiles */ = {
			isa = PBXCopyFilesBuildPhase;
			buildActionMask = 2147483647;
			dstPath = /usr/share/man/man1/;
			dstSubfolderSpec = 0;
			files = (
			);
			runOnlyForDeploymentPostprocessing = 1;
		};
		A4E4A9622AC349D800164EBD /* CopyFiles */ = {
			isa = PBXCopyFilesBuildPhase;
			buildActionMask = 2147483647;
			dstPath = /usr/share/man/man1/;
			dstSubfolderSpec = 0;
			files = (
			);
			runOnlyForDeploymentPostprocessing = 1;
		};
		A4E4A96D2AC349E600164EBD /* CopyFiles */ = {
			isa = PBXCopyFilesBuildPhase;
			buildActionMask = 2147483647;
			dstPath = /usr/share/man/man1/;
			dstSubfolderSpec = 0;
			files = (
			);
			runOnlyForDeploymentPostprocessing = 1;
		};
		A4E4A98E2AC4181300164EBD /* CopyFiles */ = {
			isa = PBXCopyFilesBuildPhase;
			buildActionMask = 2147483647;
			dstPath = /usr/share/man/man1/;
			dstSubfolderSpec = 0;
			files = (
			);
			runOnlyForDeploymentPostprocessing = 1;
		};
		A4E4A9A42AC6F4FB00164EBD /* CopyFiles */ = {
			isa = PBXCopyFilesBuildPhase;
			buildActionMask = 2147483647;
			dstPath = /usr/share/man/man1/;
			dstSubfolderSpec = 0;
			files = (
			);
			runOnlyForDeploymentPostprocessing = 1;
		};
/* End PBXCopyFilesBuildPhase section */

/* Begin PBXFileReference section */
		A44A73222ACAEFD900B584C0 /* 14888 */ = {isa = PBXFileReference; explicitFileType = "compiled.mach-o.executable"; includeInIndex = 0; path = 14888; sourceTree = BUILT_PRODUCTS_DIR; };
		A44A73242ACAEFD900B584C0 /* main.cpp */ = {isa = PBXFileReference; lastKnownFileType = sourcecode.cpp.cpp; path = main.cpp; sourceTree = "<group>"; };
		A44A732D2ACAEFF600B584C0 /* 15649 */ = {isa = PBXFileReference; explicitFileType = "compiled.mach-o.executable"; includeInIndex = 0; path = 15649; sourceTree = BUILT_PRODUCTS_DIR; };
		A44A732F2ACAEFF600B584C0 /* main.cpp */ = {isa = PBXFileReference; lastKnownFileType = sourcecode.cpp.cpp; path = main.cpp; sourceTree = "<group>"; };
		A4E112832AF7AC88007115CB /* 1522 */ = {isa = PBXFileReference; explicitFileType = "compiled.mach-o.executable"; includeInIndex = 0; path = 1522; sourceTree = BUILT_PRODUCTS_DIR; };
		A4E112852AF7AC88007115CB /* main.cpp */ = {isa = PBXFileReference; lastKnownFileType = sourcecode.cpp.cpp; path = main.cpp; sourceTree = "<group>"; };
		A4E112992AF83559007115CB /* 1027 */ = {isa = PBXFileReference; explicitFileType = "compiled.mach-o.executable"; includeInIndex = 0; path = 1027; sourceTree = BUILT_PRODUCTS_DIR; };
		A4E1129B2AF83559007115CB /* main.cpp */ = {isa = PBXFileReference; lastKnownFileType = sourcecode.cpp.cpp; path = main.cpp; sourceTree = "<group>"; };
		A4E4A9642AC349D800164EBD /* 2563 */ = {isa = PBXFileReference; explicitFileType = "compiled.mach-o.executable"; includeInIndex = 0; path = 2563; sourceTree = BUILT_PRODUCTS_DIR; };
		A4E4A9662AC349D800164EBD /* main.cpp */ = {isa = PBXFileReference; lastKnownFileType = sourcecode.cpp.cpp; path = main.cpp; sourceTree = "<group>"; };
		A4E4A96F2AC349E600164EBD /* 30052 */ = {isa = PBXFileReference; explicitFileType = "compiled.mach-o.executable"; includeInIndex = 0; path = 30052; sourceTree = BUILT_PRODUCTS_DIR; };
		A4E4A9712AC349E600164EBD /* main.cpp */ = {isa = PBXFileReference; lastKnownFileType = sourcecode.cpp.cpp; path = main.cpp; sourceTree = "<group>"; };
		A4E4A9902AC4181300164EBD /* 1316 */ = {isa = PBXFileReference; explicitFileType = "compiled.mach-o.executable"; includeInIndex = 0; path = 1316; sourceTree = BUILT_PRODUCTS_DIR; };
		A4E4A9922AC4181300164EBD /* main.cpp */ = {isa = PBXFileReference; lastKnownFileType = sourcecode.cpp.cpp; path = main.cpp; sourceTree = "<group>"; };
		A4E4A9A62AC6F4FB00164EBD /* 14502 */ = {isa = PBXFileReference; explicitFileType = "compiled.mach-o.executable"; includeInIndex = 0; path = 14502; sourceTree = BUILT_PRODUCTS_DIR; };
		A4E4A9A82AC6F4FB00164EBD /* main.cpp */ = {isa = PBXFileReference; lastKnownFileType = sourcecode.cpp.cpp; path = main.cpp; sourceTree = "<group>"; };
/* End PBXFileReference section */

/* Begin PBXFrameworksBuildPhase section */
		A44A731F2ACAEFD900B584C0 /* Frameworks */ = {
			isa = PBXFrameworksBuildPhase;
			buildActionMask = 2147483647;
			files = (
			);
			runOnlyForDeploymentPostprocessing = 0;
		};
		A44A732A2ACAEFF600B584C0 /* Frameworks */ = {
			isa = PBXFrameworksBuildPhase;
			buildActionMask = 2147483647;
			files = (
			);
			runOnlyForDeploymentPostprocessing = 0;
		};
		A4E112802AF7AC88007115CB /* Frameworks */ = {
			isa = PBXFrameworksBuildPhase;
			buildActionMask = 2147483647;
			files = (
			);
			runOnlyForDeploymentPostprocessing = 0;
		};
		A4E112962AF83559007115CB /* Frameworks */ = {
			isa = PBXFrameworksBuildPhase;
			buildActionMask = 2147483647;
			files = (
			);
			runOnlyForDeploymentPostprocessing = 0;
		};
		A4E4A9612AC349D800164EBD /* Frameworks */ = {
			isa = PBXFrameworksBuildPhase;
			buildActionMask = 2147483647;
			files = (
			);
			runOnlyForDeploymentPostprocessing = 0;
		};
		A4E4A96C2AC349E600164EBD /* Frameworks */ = {
			isa = PBXFrameworksBuildPhase;
			buildActionMask = 2147483647;
			files = (
			);
			runOnlyForDeploymentPostprocessing = 0;
		};
		A4E4A98D2AC4181300164EBD /* Frameworks */ = {
			isa = PBXFrameworksBuildPhase;
			buildActionMask = 2147483647;
			files = (
			);
			runOnlyForDeploymentPostprocessing = 0;
		};
		A4E4A9A32AC6F4FB00164EBD /* Frameworks */ = {
			isa = PBXFrameworksBuildPhase;
			buildActionMask = 2147483647;
			files = (
			);
			runOnlyForDeploymentPostprocessing = 0;
		};
/* End PBXFrameworksBuildPhase section */

/* Begin PBXGroup section */
		A44A73232ACAEFD900B584C0 /* 14888 */ = {
			isa = PBXGroup;
			children = (
				A44A73242ACAEFD900B584C0 /* main.cpp */,
			);
			path = 14888;
			sourceTree = "<group>";
		};
		A44A732E2ACAEFF600B584C0 /* 15649 */ = {
			isa = PBXGroup;
			children = (
				A44A732F2ACAEFF600B584C0 /* main.cpp */,
			);
			path = 15649;
			sourceTree = "<group>";
		};
		A4E112842AF7AC88007115CB /* 1522 */ = {
			isa = PBXGroup;
			children = (
				A4E112852AF7AC88007115CB /* main.cpp */,
			);
			path = 1522;
			sourceTree = "<group>";
		};
		A4E1129A2AF83559007115CB /* 1027 */ = {
			isa = PBXGroup;
			children = (
				A4E1129B2AF83559007115CB /* main.cpp */,
			);
			path = 1027;
			sourceTree = "<group>";
		};
		A4E4A94D2AC349C500164EBD = {
			isa = PBXGroup;
			children = (
				A4E4A9652AC349D800164EBD /* 2563 */,
				A4E4A9702AC349E600164EBD /* 30052 */,
				A4E4A9912AC4181300164EBD /* 1316 */,
				A4E4A9A72AC6F4FB00164EBD /* 14502 */,
				A44A73232ACAEFD900B584C0 /* 14888 */,
				A44A732E2ACAEFF600B584C0 /* 15649 */,
				A4E112842AF7AC88007115CB /* 1522 */,
				A4E1129A2AF83559007115CB /* 1027 */,
				A4E4A9572AC349C500164EBD /* Products */,
			);
			sourceTree = "<group>";
		};
		A4E4A9572AC349C500164EBD /* Products */ = {
			isa = PBXGroup;
			children = (
				A4E4A9642AC349D800164EBD /* 2563 */,
				A4E4A96F2AC349E600164EBD /* 30052 */,
				A4E4A9902AC4181300164EBD /* 1316 */,
				A4E4A9A62AC6F4FB00164EBD /* 14502 */,
				A44A73222ACAEFD900B584C0 /* 14888 */,
				A44A732D2ACAEFF600B584C0 /* 15649 */,
				A4E112832AF7AC88007115CB /* 1522 */,
				A4E112992AF83559007115CB /* 1027 */,
			);
			name = Products;
			sourceTree = "<group>";
		};
		A4E4A9652AC349D800164EBD /* 2563 */ = {
			isa = PBXGroup;
			children = (
				A4E4A9662AC349D800164EBD /* main.cpp */,
			);
			path = 2563;
			sourceTree = "<group>";
		};
		A4E4A9702AC349E600164EBD /* 30052 */ = {
			isa = PBXGroup;
			children = (
				A4E4A9712AC349E600164EBD /* main.cpp */,
			);
			path = 30052;
			sourceTree = "<group>";
		};
		A4E4A9912AC4181300164EBD /* 1316 */ = {
			isa = PBXGroup;
			children = (
				A4E4A9922AC4181300164EBD /* main.cpp */,
			);
			path = 1316;
			sourceTree = "<group>";
		};
		A4E4A9A72AC6F4FB00164EBD /* 14502 */ = {
			isa = PBXGroup;
			children = (
				A4E4A9A82AC6F4FB00164EBD /* main.cpp */,
			);
			path = 14502;
			sourceTree = "<group>";
		};
/* End PBXGroup section */

/* Begin PBXNativeTarget section */
		A44A73212ACAEFD900B584C0 /* 14888 */ = {
			isa = PBXNativeTarget;
			buildConfigurationList = A44A73282ACAEFD900B584C0 /* Build configuration list for PBXNativeTarget "14888" */;
			buildPhases = (
				A44A731E2ACAEFD900B584C0 /* Sources */,
				A44A731F2ACAEFD900B584C0 /* Frameworks */,
				A44A73202ACAEFD900B584C0 /* CopyFiles */,
			);
			buildRules = (
			);
			dependencies = (
			);
			name = 14888;
			productName = 14888;
			productReference = A44A73222ACAEFD900B584C0 /* 14888 */;
			productType = "com.apple.product-type.tool";
		};
		A44A732C2ACAEFF600B584C0 /* 15649 */ = {
			isa = PBXNativeTarget;
			buildConfigurationList = A44A73312ACAEFF600B584C0 /* Build configuration list for PBXNativeTarget "15649" */;
			buildPhases = (
				A44A73292ACAEFF600B584C0 /* Sources */,
				A44A732A2ACAEFF600B584C0 /* Frameworks */,
				A44A732B2ACAEFF600B584C0 /* CopyFiles */,
			);
			buildRules = (
			);
			dependencies = (
			);
			name = 15649;
			productName = 15649;
			productReference = A44A732D2ACAEFF600B584C0 /* 15649 */;
			productType = "com.apple.product-type.tool";
		};
		A4E112822AF7AC88007115CB /* 1522 */ = {
			isa = PBXNativeTarget;
			buildConfigurationList = A4E112892AF7AC88007115CB /* Build configuration list for PBXNativeTarget "1522" */;
			buildPhases = (
				A4E1127F2AF7AC88007115CB /* Sources */,
				A4E112802AF7AC88007115CB /* Frameworks */,
				A4E112812AF7AC88007115CB /* CopyFiles */,
			);
			buildRules = (
			);
			dependencies = (
			);
			name = 1522;
			productName = 1522;
			productReference = A4E112832AF7AC88007115CB /* 1522 */;
			productType = "com.apple.product-type.tool";
		};
		A4E112982AF83559007115CB /* 1027 */ = {
			isa = PBXNativeTarget;
			buildConfigurationList = A4E1129F2AF83559007115CB /* Build configuration list for PBXNativeTarget "1027" */;
			buildPhases = (
				A4E112952AF83559007115CB /* Sources */,
				A4E112962AF83559007115CB /* Frameworks */,
				A4E112972AF83559007115CB /* CopyFiles */,
			);
			buildRules = (
			);
			dependencies = (
			);
			name = 1027;
			productName = 1027;
			productReference = A4E112992AF83559007115CB /* 1027 */;
			productType = "com.apple.product-type.tool";
		};
		A4E4A9632AC349D800164EBD /* 2563 */ = {
			isa = PBXNativeTarget;
			buildConfigurationList = A4E4A9682AC349D800164EBD /* Build configuration list for PBXNativeTarget "2563" */;
			buildPhases = (
				A4E4A9602AC349D800164EBD /* Sources */,
				A4E4A9612AC349D800164EBD /* Frameworks */,
				A4E4A9622AC349D800164EBD /* CopyFiles */,
			);
			buildRules = (
			);
			dependencies = (
			);
			name = 2563;
			productName = 2563;
			productReference = A4E4A9642AC349D800164EBD /* 2563 */;
			productType = "com.apple.product-type.tool";
		};
		A4E4A96E2AC349E600164EBD /* 30052 */ = {
			isa = PBXNativeTarget;
			buildConfigurationList = A4E4A9732AC349E600164EBD /* Build configuration list for PBXNativeTarget "30052" */;
			buildPhases = (
				A4E4A96B2AC349E600164EBD /* Sources */,
				A4E4A96C2AC349E600164EBD /* Frameworks */,
				A4E4A96D2AC349E600164EBD /* CopyFiles */,
			);
			buildRules = (
			);
			dependencies = (
			);
			name = 30052;
			productName = 30052;
			productReference = A4E4A96F2AC349E600164EBD /* 30052 */;
			productType = "com.apple.product-type.tool";
		};
		A4E4A98F2AC4181300164EBD /* 1316 */ = {
			isa = PBXNativeTarget;
			buildConfigurationList = A4E4A9942AC4181300164EBD /* Build configuration list for PBXNativeTarget "1316" */;
			buildPhases = (
				A4E4A98C2AC4181300164EBD /* Sources */,
				A4E4A98D2AC4181300164EBD /* Frameworks */,
				A4E4A98E2AC4181300164EBD /* CopyFiles */,
			);
			buildRules = (
			);
			dependencies = (
			);
			name = 1316;
			productName = 1316;
			productReference = A4E4A9902AC4181300164EBD /* 1316 */;
			productType = "com.apple.product-type.tool";
		};
		A4E4A9A52AC6F4FB00164EBD /* 14502 */ = {
			isa = PBXNativeTarget;
			buildConfigurationList = A4E4A9AC2AC6F4FB00164EBD /* Build configuration list for PBXNativeTarget "14502" */;
			buildPhases = (
				A4E4A9A22AC6F4FB00164EBD /* Sources */,
				A4E4A9A32AC6F4FB00164EBD /* Frameworks */,
				A4E4A9A42AC6F4FB00164EBD /* CopyFiles */,
			);
			buildRules = (
			);
			dependencies = (
			);
			name = 14502;
			productName = 14502;
			productReference = A4E4A9A62AC6F4FB00164EBD /* 14502 */;
			productType = "com.apple.product-type.tool";
		};
/* End PBXNativeTarget section */

/* Begin PBXProject section */
		A4E4A94E2AC349C500164EBD /* Project object */ = {
			isa = PBXProject;
			attributes = {
				BuildIndependentTargetsInParallel = 1;
				LastUpgradeCheck = 1420;
				TargetAttributes = {
					A44A73212ACAEFD900B584C0 = {
						CreatedOnToolsVersion = 14.2;
					};
					A44A732C2ACAEFF600B584C0 = {
						CreatedOnToolsVersion = 14.2;
					};
					A4E112822AF7AC88007115CB = {
						CreatedOnToolsVersion = 14.2;
					};
					A4E112982AF83559007115CB = {
						CreatedOnToolsVersion = 14.2;
					};
					A4E4A9632AC349D800164EBD = {
						CreatedOnToolsVersion = 14.2;
					};
					A4E4A96E2AC349E600164EBD = {
						CreatedOnToolsVersion = 14.2;
					};
					A4E4A98F2AC4181300164EBD = {
						CreatedOnToolsVersion = 14.2;
					};
					A4E4A9A52AC6F4FB00164EBD = {
						CreatedOnToolsVersion = 14.2;
					};
				};
			};
			buildConfigurationList = A4E4A9512AC349C500164EBD /* Build configuration list for PBXProject "Idea" */;
			compatibilityVersion = "Xcode 14.0";
			developmentRegion = en;
			hasScannedForEncodings = 0;
			knownRegions = (
				en,
				Base,
			);
			mainGroup = A4E4A94D2AC349C500164EBD;
			productRefGroup = A4E4A9572AC349C500164EBD /* Products */;
			projectDirPath = "";
			projectRoot = "";
			targets = (
				A4E4A9632AC349D800164EBD /* 2563 */,
				A4E4A96E2AC349E600164EBD /* 30052 */,
				A4E4A98F2AC4181300164EBD /* 1316 */,
				A4E4A9A52AC6F4FB00164EBD /* 14502 */,
				A44A73212ACAEFD900B584C0 /* 14888 */,
				A44A732C2ACAEFF600B584C0 /* 15649 */,
				A4E112822AF7AC88007115CB /* 1522 */,
				A4E112982AF83559007115CB /* 1027 */,
			);
		};
/* End PBXProject section */

/* Begin PBXSourcesBuildPhase section */
		A44A731E2ACAEFD900B584C0 /* Sources */ = {
			isa = PBXSourcesBuildPhase;
			buildActionMask = 2147483647;
			files = (
				A44A73252ACAEFD900B584C0 /* main.cpp in Sources */,
			);
			runOnlyForDeploymentPostprocessing = 0;
		};
		A44A73292ACAEFF600B584C0 /* Sources */ = {
			isa = PBXSourcesBuildPhase;
			buildActionMask = 2147483647;
			files = (
				A44A73302ACAEFF600B584C0 /* main.cpp in Sources */,
			);
			runOnlyForDeploymentPostprocessing = 0;
		};
		A4E1127F2AF7AC88007115CB /* Sources */ = {
			isa = PBXSourcesBuildPhase;
			buildActionMask = 2147483647;
			files = (
				A4E112862AF7AC88007115CB /* main.cpp in Sources */,
			);
			runOnlyForDeploymentPostprocessing = 0;
		};
		A4E112952AF83559007115CB /* Sources */ = {
			isa = PBXSourcesBuildPhase;
			buildActionMask = 2147483647;
			files = (
				A4E1129C2AF83559007115CB /* main.cpp in Sources */,
			);
			runOnlyForDeploymentPostprocessing = 0;
		};
		A4E4A9602AC349D800164EBD /* Sources */ = {
			isa = PBXSourcesBuildPhase;
			buildActionMask = 2147483647;
			files = (
				A4E4A9672AC349D800164EBD /* main.cpp in Sources */,
			);
			runOnlyForDeploymentPostprocessing = 0;
		};
		A4E4A96B2AC349E600164EBD /* Sources */ = {
			isa = PBXSourcesBuildPhase;
			buildActionMask = 2147483647;
			files = (
				A4E4A9722AC349E600164EBD /* main.cpp in Sources */,
			);
			runOnlyForDeploymentPostprocessing = 0;
		};
		A4E4A98C2AC4181300164EBD /* Sources */ = {
			isa = PBXSourcesBuildPhase;
			buildActionMask = 2147483647;
			files = (
				A4E4A9932AC4181300164EBD /* main.cpp in Sources */,
			);
			runOnlyForDeploymentPostprocessing = 0;
		};
		A4E4A9A22AC6F4FB00164EBD /* Sources */ = {
			isa = PBXSourcesBuildPhase;
			buildActionMask = 2147483647;
			files = (
				A4E4A9A92AC6F4FB00164EBD /* main.cpp in Sources */,
			);
			runOnlyForDeploymentPostprocessing = 0;
		};
/* End PBXSourcesBuildPhase section */

/* Begin XCBuildConfiguration section */
		A44A73262ACAEFD900B584C0 /* Debug */ = {
			isa = XCBuildConfiguration;
			buildSettings = {
				CODE_SIGN_STYLE = Automatic;
				PRODUCT_NAME = "$(TARGET_NAME)";
			};
			name = Debug;
		};
		A44A73272ACAEFD900B584C0 /* Release */ = {
			isa = XCBuildConfiguration;
			buildSettings = {
				CODE_SIGN_STYLE = Automatic;
				PRODUCT_NAME = "$(TARGET_NAME)";
			};
			name = Release;
		};
		A44A73322ACAEFF600B584C0 /* Debug */ = {
			isa = XCBuildConfiguration;
			buildSettings = {
				CODE_SIGN_STYLE = Automatic;
				PRODUCT_NAME = "$(TARGET_NAME)";
			};
			name = Debug;
		};
		A44A73332ACAEFF600B584C0 /* Release */ = {
			isa = XCBuildConfiguration;
			buildSettings = {
				CODE_SIGN_STYLE = Automatic;
				PRODUCT_NAME = "$(TARGET_NAME)";
			};
			name = Release;
		};
		A4E112872AF7AC88007115CB /* Debug */ = {
			isa = XCBuildConfiguration;
			buildSettings = {
				CODE_SIGN_STYLE = Automatic;
				PRODUCT_NAME = "$(TARGET_NAME)";
			};
			name = Debug;
		};
		A4E112882AF7AC88007115CB /* Release */ = {
			isa = XCBuildConfiguration;
			buildSettings = {
				CODE_SIGN_STYLE = Automatic;
				PRODUCT_NAME = "$(TARGET_NAME)";
			};
			name = Release;
		};
		A4E1129D2AF83559007115CB /* Debug */ = {
			isa = XCBuildConfiguration;
			buildSettings = {
				CODE_SIGN_STYLE = Automatic;
				PRODUCT_NAME = "$(TARGET_NAME)";
			};
			name = Debug;
		};
		A4E1129E2AF83559007115CB /* Release */ = {
			isa = XCBuildConfiguration;
			buildSettings = {
				CODE_SIGN_STYLE = Automatic;
				PRODUCT_NAME = "$(TARGET_NAME)";
			};
			name = Release;
		};
		A4E4A95B2AC349C500164EBD /* Debug */ = {
			isa = XCBuildConfiguration;
			buildSettings = {
				ALWAYS_SEARCH_USER_PATHS = NO;
				CLANG_ANALYZER_NONNULL = YES;
				CLANG_ANALYZER_NUMBER_OBJECT_CONVERSION = YES_AGGRESSIVE;
				CLANG_CXX_LANGUAGE_STANDARD = "gnu++20";
				CLANG_ENABLE_MODULES = YES;
				CLANG_ENABLE_OBJC_ARC = YES;
				CLANG_ENABLE_OBJC_WEAK = YES;
				CLANG_WARN_BLOCK_CAPTURE_AUTORELEASING = YES;
				CLANG_WARN_BOOL_CONVERSION = YES;
				CLANG_WARN_COMMA = YES;
				CLANG_WARN_CONSTANT_CONVERSION = YES;
				CLANG_WARN_DEPRECATED_OBJC_IMPLEMENTATIONS = YES;
				CLANG_WARN_DIRECT_OBJC_ISA_USAGE = YES_ERROR;
				CLANG_WARN_DOCUMENTATION_COMMENTS = YES;
				CLANG_WARN_EMPTY_BODY = YES;
				CLANG_WARN_ENUM_CONVERSION = YES;
				CLANG_WARN_INFINITE_RECURSION = YES;
				CLANG_WARN_INT_CONVERSION = YES;
				CLANG_WARN_NON_LITERAL_NULL_CONVERSION = YES;
				CLANG_WARN_OBJC_IMPLICIT_RETAIN_SELF = YES;
				CLANG_WARN_OBJC_LITERAL_CONVERSION = YES;
				CLANG_WARN_OBJC_ROOT_CLASS = YES_ERROR;
				CLANG_WARN_QUOTED_INCLUDE_IN_FRAMEWORK_HEADER = YES;
				CLANG_WARN_RANGE_LOOP_ANALYSIS = YES;
				CLANG_WARN_STRICT_PROTOTYPES = YES;
				CLANG_WARN_SUSPICIOUS_MOVE = YES;
				CLANG_WARN_UNGUARDED_AVAILABILITY = YES_AGGRESSIVE;
				CLANG_WARN_UNREACHABLE_CODE = YES;
				CLANG_WARN__DUPLICATE_METHOD_MATCH = YES;
				COPY_PHASE_STRIP = NO;
				DEBUG_INFORMATION_FORMAT = dwarf;
				ENABLE_STRICT_OBJC_MSGSEND = YES;
				ENABLE_TESTABILITY = YES;
				GCC_C_LANGUAGE_STANDARD = gnu11;
				GCC_DYNAMIC_NO_PIC = NO;
				GCC_NO_COMMON_BLOCKS = YES;
				GCC_OPTIMIZATION_LEVEL = 0;
				GCC_PREPROCESSOR_DEFINITIONS = (
					"DEBUG=1",
					"$(inherited)",
				);
				GCC_WARN_64_TO_32_BIT_CONVERSION = YES;
				GCC_WARN_ABOUT_RETURN_TYPE = YES_ERROR;
				GCC_WARN_UNDECLARED_SELECTOR = YES;
				GCC_WARN_UNINITIALIZED_AUTOS = YES_AGGRESSIVE;
				GCC_WARN_UNUSED_FUNCTION = YES;
				GCC_WARN_UNUSED_VARIABLE = YES;
				MACOSX_DEPLOYMENT_TARGET = 13.0;
				MTL_ENABLE_DEBUG_INFO = INCLUDE_SOURCE;
				MTL_FAST_MATH = YES;
				ONLY_ACTIVE_ARCH = YES;
				SDKROOT = macosx;
			};
			name = Debug;
		};
		A4E4A95C2AC349C500164EBD /* Release */ = {
			isa = XCBuildConfiguration;
			buildSettings = {
				ALWAYS_SEARCH_USER_PATHS = NO;
				CLANG_ANALYZER_NONNULL = YES;
				CLANG_ANALYZER_NUMBER_OBJECT_CONVERSION = YES_AGGRESSIVE;
				CLANG_CXX_LANGUAGE_STANDARD = "gnu++20";
				CLANG_ENABLE_MODULES = YES;
				CLANG_ENABLE_OBJC_ARC = YES;
				CLANG_ENABLE_OBJC_WEAK = YES;
				CLANG_WARN_BLOCK_CAPTURE_AUTORELEASING = YES;
				CLANG_WARN_BOOL_CONVERSION = YES;
				CLANG_WARN_COMMA = YES;
				CLANG_WARN_CONSTANT_CONVERSION = YES;
				CLANG_WARN_DEPRECATED_OBJC_IMPLEMENTATIONS = YES;
				CLANG_WARN_DIRECT_OBJC_ISA_USAGE = YES_ERROR;
				CLANG_WARN_DOCUMENTATION_COMMENTS = YES;
				CLANG_WARN_EMPTY_BODY = YES;
				CLANG_WARN_ENUM_CONVERSION = YES;
				CLANG_WARN_INFINITE_RECURSION = YES;
				CLANG_WARN_INT_CONVERSION = YES;
				CLANG_WARN_NON_LITERAL_NULL_CONVERSION = YES;
				CLANG_WARN_OBJC_IMPLICIT_RETAIN_SELF = YES;
				CLANG_WARN_OBJC_LITERAL_CONVERSION = YES;
				CLANG_WARN_OBJC_ROOT_CLASS = YES_ERROR;
				CLANG_WARN_QUOTED_INCLUDE_IN_FRAMEWORK_HEADER = YES;
				CLANG_WARN_RANGE_LOOP_ANALYSIS = YES;
				CLANG_WARN_STRICT_PROTOTYPES = YES;
				CLANG_WARN_SUSPICIOUS_MOVE = YES;
				CLANG_WARN_UNGUARDED_AVAILABILITY = YES_AGGRESSIVE;
				CLANG_WARN_UNREACHABLE_CODE = YES;
				CLANG_WARN__DUPLICATE_METHOD_MATCH = YES;
				COPY_PHASE_STRIP = NO;
				DEBUG_INFORMATION_FORMAT = "dwarf-with-dsym";
				ENABLE_NS_ASSERTIONS = NO;
				ENABLE_STRICT_OBJC_MSGSEND = YES;
				GCC_C_LANGUAGE_STANDARD = gnu11;
				GCC_NO_COMMON_BLOCKS = YES;
				GCC_WARN_64_TO_32_BIT_CONVERSION = YES;
				GCC_WARN_ABOUT_RETURN_TYPE = YES_ERROR;
				GCC_WARN_UNDECLARED_SELECTOR = YES;
				GCC_WARN_UNINITIALIZED_AUTOS = YES_AGGRESSIVE;
				GCC_WARN_UNUSED_FUNCTION = YES;
				GCC_WARN_UNUSED_VARIABLE = YES;
				MACOSX_DEPLOYMENT_TARGET = 13.0;
				MTL_ENABLE_DEBUG_INFO = NO;
				MTL_FAST_MATH = YES;
				SDKROOT = macosx;
			};
			name = Release;
		};
		A4E4A9692AC349D800164EBD /* Debug */ = {
			isa = XCBuildConfiguration;
			buildSettings = {
				CODE_SIGN_STYLE = Automatic;
				PRODUCT_NAME = "$(TARGET_NAME)";
			};
			name = Debug;
		};
		A4E4A96A2AC349D800164EBD /* Release */ = {
			isa = XCBuildConfiguration;
			buildSettings = {
				CODE_SIGN_STYLE = Automatic;
				PRODUCT_NAME = "$(TARGET_NAME)";
			};
			name = Release;
		};
		A4E4A9742AC349E600164EBD /* Debug */ = {
			isa = XCBuildConfiguration;
			buildSettings = {
				CODE_SIGN_STYLE = Automatic;
				PRODUCT_NAME = "$(TARGET_NAME)";
			};
			name = Debug;
		};
		A4E4A9752AC349E600164EBD /* Release */ = {
			isa = XCBuildConfiguration;
			buildSettings = {
				CODE_SIGN_STYLE = Automatic;
				PRODUCT_NAME = "$(TARGET_NAME)";
			};
			name = Release;
		};
		A4E4A9952AC4181300164EBD /* Debug */ = {
			isa = XCBuildConfiguration;
			buildSettings = {
				CODE_SIGN_STYLE = Automatic;
				PRODUCT_NAME = "$(TARGET_NAME)";
			};
			name = Debug;
		};
		A4E4A9962AC4181300164EBD /* Release */ = {
			isa = XCBuildConfiguration;
			buildSettings = {
				CODE_SIGN_STYLE = Automatic;
				PRODUCT_NAME = "$(TARGET_NAME)";
			};
			name = Release;
		};
		A4E4A9AA2AC6F4FB00164EBD /* Debug */ = {
			isa = XCBuildConfiguration;
			buildSettings = {
				CODE_SIGN_STYLE = Automatic;
				PRODUCT_NAME = "$(TARGET_NAME)";
			};
			name = Debug;
		};
		A4E4A9AB2AC6F4FB00164EBD /* Release */ = {
			isa = XCBuildConfiguration;
			buildSettings = {
				CODE_SIGN_STYLE = Automatic;
				PRODUCT_NAME = "$(TARGET_NAME)";
			};
			name = Release;
		};
/* End XCBuildConfiguration section */

/* Begin XCConfigurationList section */
		A44A73282ACAEFD900B584C0 /* Build configuration list for PBXNativeTarget "14888" */ = {
			isa = XCConfigurationList;
			buildConfigurations = (
				A44A73262ACAEFD900B584C0 /* Debug */,
				A44A73272ACAEFD900B584C0 /* Release */,
			);
			defaultConfigurationIsVisible = 0;
			defaultConfigurationName = Release;
		};
		A44A73312ACAEFF600B584C0 /* Build configuration list for PBXNativeTarget "15649" */ = {
			isa = XCConfigurationList;
			buildConfigurations = (
				A44A73322ACAEFF600B584C0 /* Debug */,
				A44A73332ACAEFF600B584C0 /* Release */,
			);
			defaultConfigurationIsVisible = 0;
			defaultConfigurationName = Release;
		};
		A4E112892AF7AC88007115CB /* Build configuration list for PBXNativeTarget "1522" */ = {
			isa = XCConfigurationList;
			buildConfigurations = (
				A4E112872AF7AC88007115CB /* Debug */,
				A4E112882AF7AC88007115CB /* Release */,
			);
			defaultConfigurationIsVisible = 0;
			defaultConfigurationName = Release;
		};
		A4E1129F2AF83559007115CB /* Build configuration list for PBXNativeTarget "1027" */ = {
			isa = XCConfigurationList;
			buildConfigurations = (
				A4E1129D2AF83559007115CB /* Debug */,
				A4E1129E2AF83559007115CB /* Release */,
			);
			defaultConfigurationIsVisible = 0;
			defaultConfigurationName = Release;
		};
		A4E4A9512AC349C500164EBD /* Build configuration list for PBXProject "Idea" */ = {
			isa = XCConfigurationList;
			buildConfigurations = (
				A4E4A95B2AC349C500164EBD /* Debug */,
				A4E4A95C2AC349C500164EBD /* Release */,
			);
			defaultConfigurationIsVisible = 0;
			defaultConfigurationName = Release;
		};
		A4E4A9682AC349D800164EBD /* Build configuration list for PBXNativeTarget "2563" */ = {
			isa = XCConfigurationList;
			buildConfigurations = (
				A4E4A9692AC349D800164EBD /* Debug */,
				A4E4A96A2AC349D800164EBD /* Release */,
			);
			defaultConfigurationIsVisible = 0;
			defaultConfigurationName = Release;
		};
		A4E4A9732AC349E600164EBD /* Build configuration list for PBXNativeTarget "30052" */ = {
			isa = XCConfigurationList;
			buildConfigurations = (
				A4E4A9742AC349E600164EBD /* Debug */,
				A4E4A9752AC349E600164EBD /* Release */,
			);
			defaultConfigurationIsVisible = 0;
			defaultConfigurationName = Release;
		};
		A4E4A9942AC4181300164EBD /* Build configuration list for PBXNativeTarget "1316" */ = {
			isa = XCConfigurationList;
			buildConfigurations = (
				A4E4A9952AC4181300164EBD /* Debug */,
				A4E4A9962AC4181300164EBD /* Release */,
			);
			defaultConfigurationIsVisible = 0;
			defaultConfigurationName = Release;
		};
		A4E4A9AC2AC6F4FB00164EBD /* Build configuration list for PBXNativeTarget "14502" */ = {
			isa = XCConfigurationList;
			buildConfigurations = (
				A4E4A9AA2AC6F4FB00164EBD /* Debug */,
				A4E4A9AB2AC6F4FB00164EBD /* Release */,
			);
			defaultConfigurationIsVisible = 0;
			defaultConfigurationName = Release;
		};
/* End XCConfigurationList section */
	};
	rootObject = A4E4A94E2AC349C500164EBD /* Project object */;
}
