// !$*UTF8*$!
{
	archiveVersion = 1;
	classes = {
	};
	objectVersion = 56;
	objects = {

/* Begin PBXBuildFile section */
		A43790F02B62D3460026E517 /* main.cpp in Sources */ = {isa = PBXBuildFile; fileRef = A43790EF2B62D3460026E517 /* main.cpp */; };
		A43790FB2B62D4B00026E517 /* main.cpp in Sources */ = {isa = PBXBuildFile; fileRef = A43790FA2B62D4B00026E517 /* main.cpp */; };
		A43791062B62D8310026E517 /* main.cpp in Sources */ = {isa = PBXBuildFile; fileRef = A43791052B62D8310026E517 /* main.cpp */; };
		A44A73252ACAEFD900B584C0 /* main.cpp in Sources */ = {isa = PBXBuildFile; fileRef = A44A73242ACAEFD900B584C0 /* main.cpp */; };
		A44A73302ACAEFF600B584C0 /* main.cpp in Sources */ = {isa = PBXBuildFile; fileRef = A44A732F2ACAEFF600B584C0 /* main.cpp */; };
		A44ADCC42B25B84B00A42A3E /* main.cpp in Sources */ = {isa = PBXBuildFile; fileRef = A44ADCC32B25B84B00A42A3E /* main.cpp */; };
		A44ADCCF2B25B86800A42A3E /* main.cpp in Sources */ = {isa = PBXBuildFile; fileRef = A44ADCCE2B25B86800A42A3E /* main.cpp */; };
		A44ADCDA2B275A4E00A42A3E /* main.cpp in Sources */ = {isa = PBXBuildFile; fileRef = A44ADCD92B275A4E00A42A3E /* main.cpp */; };
		A4E112862AF7AC88007115CB /* main.cpp in Sources */ = {isa = PBXBuildFile; fileRef = A4E112852AF7AC88007115CB /* main.cpp */; };
		A4E1129C2AF83559007115CB /* main.cpp in Sources */ = {isa = PBXBuildFile; fileRef = A4E1129B2AF83559007115CB /* main.cpp */; };
		A4E4A9672AC349D800164EBD /* main.cpp in Sources */ = {isa = PBXBuildFile; fileRef = A4E4A9662AC349D800164EBD /* main.cpp */; };
		A4E4A9722AC349E600164EBD /* main.cpp in Sources */ = {isa = PBXBuildFile; fileRef = A4E4A9712AC349E600164EBD /* main.cpp */; };
		A4E4A9932AC4181300164EBD /* main.cpp in Sources */ = {isa = PBXBuildFile; fileRef = A4E4A9922AC4181300164EBD /* main.cpp */; };
		A4E4A9A92AC6F4FB00164EBD /* main.cpp in Sources */ = {isa = PBXBuildFile; fileRef = A4E4A9A82AC6F4FB00164EBD /* main.cpp */; };
/* End PBXBuildFile section */

/* Begin PBXCopyFilesBuildPhase section */
		A43790EB2B62D3460026E517 /* CopyFiles */ = {
			isa = PBXCopyFilesBuildPhase;
			buildActionMask = 2147483647;
			dstPath = /usr/share/man/man1/;
			dstSubfolderSpec = 0;
			files = (
			);
			runOnlyForDeploymentPostprocessing = 1;
		};
		A43790F62B62D4AF0026E517 /* CopyFiles */ = {
			isa = PBXCopyFilesBuildPhase;
			buildActionMask = 2147483647;
			dstPath = /usr/share/man/man1/;
			dstSubfolderSpec = 0;
			files = (
			);
			runOnlyForDeploymentPostprocessing = 1;
		};
		A43791012B62D8310026E517 /* CopyFiles */ = {
			isa = PBXCopyFilesBuildPhase;
			buildActionMask = 2147483647;
			dstPath = /usr/share/man/man1/;
			dstSubfolderSpec = 0;
			files = (
			);
			runOnlyForDeploymentPostprocessing = 1;
		};
		A44A73202ACAEFD900B584C0 /* CopyFiles */ = {
			isa = PBXCopyFilesBuildPhase;
			buildActionMask = 2147483647;
			dstPath = /usr/share/man/man1/;
			dstSubfolderSpec = 0;
			files = (
			);
			runOnlyForDeploymentPostprocessing = 1;
		};
		A44A732B2ACAEFF600B584C0 /* CopyFiles */ = {
			isa = PBXCopyFilesBuildPhase;
			buildActionMask = 2147483647;
			dstPath = /usr/share/man/man1/;
			dstSubfolderSpec = 0;
			files = (
			);
			runOnlyForDeploymentPostprocessing = 1;
		};
		A44ADCBF2B25B84B00A42A3E /* CopyFiles */ = {
			isa = PBXCopyFilesBuildPhase;
			buildActionMask = 2147483647;
			dstPath = /usr/share/man/man1/;
			dstSubfolderSpec = 0;
			files = (
			);
			runOnlyForDeploymentPostprocessing = 1;
		};
		A44ADCCA2B25B86800A42A3E /* CopyFiles */ = {
			isa = PBXCopyFilesBuildPhase;
			buildActionMask = 2147483647;
			dstPath = /usr/share/man/man1/;
			dstSubfolderSpec = 0;
			files = (
			);
			runOnlyForDeploymentPostprocessing = 1;
		};
		A44ADCD52B275A4E00A42A3E /* CopyFiles */ = {
			isa = PBXCopyFilesBuildPhase;
			buildActionMask = 2147483647;
			dstPath = /usr/share/man/man1/;
			dstSubfolderSpec = 0;
			files = (
			);
			runOnlyForDeploymentPostprocessing = 1;
		};
		A4E112812AF7AC88007115CB /* CopyFiles */ = {
			isa = PBXCopyFilesBuildPhase;
			buildActionMask = 2147483647;
			dstPath = /usr/share/man/man1/;
			dstSubfolderSpec = 0;
			files = (
			);
			runOnlyForDeploymentPostprocessing = 1;
		};
		A4E112972AF83559007115CB /* CopyFiles */ = {
			isa = PBXCopyFilesBuildPhase;
			buildActionMask = 2147483647;
			dstPath = /usr/share/man/man1/;
			dstSubfolderSpec = 0;
			files = (
			);
			runOnlyForDeploymentPostprocessing = 1;
		};
		A4E4A9622AC349D800164EBD /* CopyFiles */ = {
			isa = PBXCopyFilesBuildPhase;
			buildActionMask = 2147483647;
			dstPath = /usr/share/man/man1/;
			dstSubfolderSpec = 0;
			files = (
			);
			runOnlyForDeploymentPostprocessing = 1;
		};
		A4E4A96D2AC349E600164EBD /* CopyFiles */ = {
			isa = PBXCopyFilesBuildPhase;
			buildActionMask = 2147483647;
			dstPath = /usr/share/man/man1/;
			dstSubfolderSpec = 0;
			files = (
			);
			runOnlyForDeploymentPostprocessing = 1;
		};
		A4E4A98E2AC4181300164EBD /* CopyFiles */ = {
			isa = PBXCopyFilesBuildPhase;
			buildActionMask = 2147483647;
			dstPath = /usr/share/man/man1/;
			dstSubfolderSpec = 0;
			files = (
			);
			runOnlyForDeploymentPostprocessing = 1;
		};
		A4E4A9A42AC6F4FB00164EBD /* CopyFiles */ = {
			isa = PBXCopyFilesBuildPhase;
			buildActionMask = 2147483647;
			dstPath = /usr/share/man/man1/;
			dstSubfolderSpec = 0;
			files = (
			);
			runOnlyForDeploymentPostprocessing = 1;
		};
/* End PBXCopyFilesBuildPhase section */

/* Begin PBXFileReference section */
		A43790ED2B62D3460026E517 /* 10819 */ = {isa = PBXFileReference; explicitFileType = "compiled.mach-o.executable"; includeInIndex = 0; path = 10819; sourceTree = BUILT_PRODUCTS_DIR; };
		A43790EF2B62D3460026E517 /* main.cpp */ = {isa = PBXFileReference; lastKnownFileType = sourcecode.cpp.cpp; path = main.cpp; sourceTree = "<group>"; };
		A43790F82B62D4B00026E517 /* 10974 */ = {isa = PBXFileReference; explicitFileType = "compiled.mach-o.executable"; includeInIndex = 0; path = 10974; sourceTree = BUILT_PRODUCTS_DIR; };
		A43790FA2B62D4B00026E517 /* main.cpp */ = {isa = PBXFileReference; lastKnownFileType = sourcecode.cpp.cpp; path = main.cpp; sourceTree = "<group>"; };
		A43791032B62D8310026E517 /* 15651 */ = {isa = PBXFileReference; explicitFileType = "compiled.mach-o.executable"; includeInIndex = 0; path = 15651; sourceTree = BUILT_PRODUCTS_DIR; };
		A43791052B62D8310026E517 /* main.cpp */ = {isa = PBXFileReference; lastKnownFileType = sourcecode.cpp.cpp; path = main.cpp; sourceTree = "<group>"; };
		A44A73222ACAEFD900B584C0 /* 14888 */ = {isa = PBXFileReference; explicitFileType = "compiled.mach-o.executable"; includeInIndex = 0; path = 14888; sourceTree = BUILT_PRODUCTS_DIR; };
		A44A73242ACAEFD900B584C0 /* main.cpp */ = {isa = PBXFileReference; lastKnownFileType = sourcecode.cpp.cpp; path = main.cpp; sourceTree = "<group>"; };
		A44A732D2ACAEFF600B584C0 /* 15649 */ = {isa = PBXFileReference; explicitFileType = "compiled.mach-o.executable"; includeInIndex = 0; path = 15649; sourceTree = BUILT_PRODUCTS_DIR; };
		A44A732F2ACAEFF600B584C0 /* main.cpp */ = {isa = PBXFileReference; lastKnownFileType = sourcecode.cpp.cpp; path = main.cpp; sourceTree = "<group>"; };
		A44ADCC12B25B84B00A42A3E /* hamburger */ = {isa = PBXFileReference; explicitFileType = "compiled.mach-o.executable"; includeInIndex = 0; path = hamburger; sourceTree = BUILT_PRODUCTS_DIR; };
		A44ADCC32B25B84B00A42A3E /* main.cpp */ = {isa = PBXFileReference; lastKnownFileType = sourcecode.cpp.cpp; path = main.cpp; sourceTree = "<group>"; };
		A44ADCCC2B25B86800A42A3E /* minmax */ = {isa = PBXFileReference; explicitFileType = "compiled.mach-o.executable"; includeInIndex = 0; path = minmax; sourceTree = BUILT_PRODUCTS_DIR; };
		A44ADCCE2B25B86800A42A3E /* main.cpp */ = {isa = PBXFileReference; lastKnownFileType = sourcecode.cpp.cpp; path = main.cpp; sourceTree = "<group>"; };
		A44ADCD72B275A4E00A42A3E /* kakaoemoticon */ = {isa = PBXFileReference; explicitFileType = "compiled.mach-o.executable"; includeInIndex = 0; path = kakaoemoticon; sourceTree = BUILT_PRODUCTS_DIR; };
		A44ADCD92B275A4E00A42A3E /* main.cpp */ = {isa = PBXFileReference; lastKnownFileType = sourcecode.cpp.cpp; path = main.cpp; sourceTree = "<group>"; };
		A4E112832AF7AC88007115CB /* 1522 */ = {isa = PBXFileReference; explicitFileType = "compiled.mach-o.executable"; includeInIndex = 0; path = 1522; sourceTree = BUILT_PRODUCTS_DIR; };
		A4E112852AF7AC88007115CB /* main.cpp */ = {isa = PBXFileReference; lastKnownFileType = sourcecode.cpp.cpp; path = main.cpp; sourceTree = "<group>"; };
		A4E112992AF83559007115CB /* 1027 */ = {isa = PBXFileReference; explicitFileType = "compiled.mach-o.executable"; includeInIndex = 0; path = 1027; sourceTree = BUILT_PRODUCTS_DIR; };
		A4E1129B2AF83559007115CB /* main.cpp */ = {isa = PBXFileReference; lastKnownFileType = sourcecode.cpp.cpp; path = main.cpp; sourceTree = "<group>"; };
		A4E4A9642AC349D800164EBD /* 2563 */ = {isa = PBXFileReference; explicitFileType = "compiled.mach-o.executable"; includeInIndex = 0; path = 2563; sourceTree = BUILT_PRODUCTS_DIR; };
		A4E4A9662AC349D800164EBD /* main.cpp */ = {isa = PBXFileReference; lastKnownFileType = sourcecode.cpp.cpp; path = main.cpp; sourceTree = "<group>"; };
		A4E4A96F2AC349E600164EBD /* 30052 */ = {isa = PBXFileReference; explicitFileType = "compiled.mach-o.executable"; includeInIndex = 0; path = 30052; sourceTree = BUILT_PRODUCTS_DIR; };
		A4E4A9712AC349E600164EBD /* main.cpp */ = {isa = PBXFileReference; lastKnownFileType = sourcecode.cpp.cpp; path = main.cpp; sourceTree = "<group>"; };
		A4E4A9902AC4181300164EBD /* 1316 */ = {isa = PBXFileReference; explicitFileType = "compiled.mach-o.executable"; includeInIndex = 0; path = 1316; sourceTree = BUILT_PRODUCTS_DIR; };
		A4E4A9922AC4181300164EBD /* main.cpp */ = {isa = PBXFileReference; lastKnownFileType = sourcecode.cpp.cpp; path = main.cpp; sourceTree = "<group>"; };
		A4E4A9A62AC6F4FB00164EBD /* 14502 */ = {isa = PBXFileReference; explicitFileType = "compiled.mach-o.executable"; includeInIndex = 0; path = 14502; sourceTree = BUILT_PRODUCTS_DIR; };
		A4E4A9A82AC6F4FB00164EBD /* main.cpp */ = {isa = PBXFileReference; lastKnownFileType = sourcecode.cpp.cpp; path = main.cpp; sourceTree = "<group>"; };
/* End PBXFileReference section */

/* Begin PBXFrameworksBuildPhase section */
		A43790EA2B62D3460026E517 /* Frameworks */ = {
			isa = PBXFrameworksBuildPhase;
			buildActionMask = 2147483647;
			files = (
			);
			runOnlyForDeploymentPostprocessing = 0;
		};
		A43790F52B62D4AF0026E517 /* Frameworks */ = {
			isa = PBXFrameworksBuildPhase;
			buildActionMask = 2147483647;
			files = (
			);
			runOnlyForDeploymentPostprocessing = 0;
		};
		A43791002B62D8310026E517 /* Frameworks */ = {
			isa = PBXFrameworksBuildPhase;
			buildActionMask = 2147483647;
			files = (
			);
			runOnlyForDeploymentPostprocessing = 0;
		};
		A44A731F2ACAEFD900B584C0 /* Frameworks */ = {
			isa = PBXFrameworksBuildPhase;
			buildActionMask = 2147483647;
			files = (
			);
			runOnlyForDeploymentPostprocessing = 0;
		};
		A44A732A2ACAEFF600B584C0 /* Frameworks */ = {
			isa = PBXFrameworksBuildPhase;
			buildActionMask = 2147483647;
			files = (
			);
			runOnlyForDeploymentPostprocessing = 0;
		};
		A44ADCBE2B25B84B00A42A3E /* Frameworks */ = {
			isa = PBXFrameworksBuildPhase;
			buildActionMask = 2147483647;
			files = (
			);
			runOnlyForDeploymentPostprocessing = 0;
		};
		A44ADCC92B25B86800A42A3E /* Frameworks */ = {
			isa = PBXFrameworksBuildPhase;
			buildActionMask = 2147483647;
			files = (
			);
			runOnlyForDeploymentPostprocessing = 0;
		};
		A44ADCD42B275A4E00A42A3E /* Frameworks */ = {
			isa = PBXFrameworksBuildPhase;
			buildActionMask = 2147483647;
			files = (
			);
			runOnlyForDeploymentPostprocessing = 0;
		};
		A4E112802AF7AC88007115CB /* Frameworks */ = {
			isa = PBXFrameworksBuildPhase;
			buildActionMask = 2147483647;
			files = (
			);
			runOnlyForDeploymentPostprocessing = 0;
		};
		A4E112962AF83559007115CB /* Frameworks */ = {
			isa = PBXFrameworksBuildPhase;
			buildActionMask = 2147483647;
			files = (
			);
			runOnlyForDeploymentPostprocessing = 0;
		};
		A4E4A9612AC349D800164EBD /* Frameworks */ = {
			isa = PBXFrameworksBuildPhase;
			buildActionMask = 2147483647;
			files = (
			);
			runOnlyForDeploymentPostprocessing = 0;
		};
		A4E4A96C2AC349E600164EBD /* Frameworks */ = {
			isa = PBXFrameworksBuildPhase;
			buildActionMask = 2147483647;
			files = (
			);
			runOnlyForDeploymentPostprocessing = 0;
		};
		A4E4A98D2AC4181300164EBD /* Frameworks */ = {
			isa = PBXFrameworksBuildPhase;
			buildActionMask = 2147483647;
			files = (
			);
			runOnlyForDeploymentPostprocessing = 0;
		};
		A4E4A9A32AC6F4FB00164EBD /* Frameworks */ = {
			isa = PBXFrameworksBuildPhase;
			buildActionMask = 2147483647;
			files = (
			);
			runOnlyForDeploymentPostprocessing = 0;
		};
/* End PBXFrameworksBuildPhase section */

/* Begin PBXGroup section */
		A43790EE2B62D3460026E517 /* 10819 */ = {
			isa = PBXGroup;
			children = (
				A43790EF2B62D3460026E517 /* main.cpp */,
			);
			path = 10819;
			sourceTree = "<group>";
		};
		A43790F92B62D4B00026E517 /* 10974 */ = {
			isa = PBXGroup;
			children = (
				A43790FA2B62D4B00026E517 /* main.cpp */,
			);
			path = 10974;
			sourceTree = "<group>";
		};
		A43791042B62D8310026E517 /* 15651 */ = {
			isa = PBXGroup;
			children = (
				A43791052B62D8310026E517 /* main.cpp */,
			);
			path = 15651;
			sourceTree = "<group>";
		};
		A44A73232ACAEFD900B584C0 /* 14888 */ = {
			isa = PBXGroup;
			children = (
				A44A73242ACAEFD900B584C0 /* main.cpp */,
			);
			path = 14888;
			sourceTree = "<group>";
		};
		A44A732E2ACAEFF600B584C0 /* 15649 */ = {
			isa = PBXGroup;
			children = (
				A44A732F2ACAEFF600B584C0 /* main.cpp */,
			);
			path = 15649;
			sourceTree = "<group>";
		};
		A44ADCC22B25B84B00A42A3E /* hamburger */ = {
			isa = PBXGroup;
			children = (
				A44ADCC32B25B84B00A42A3E /* main.cpp */,
			);
			path = hamburger;
			sourceTree = "<group>";
		};
		A44ADCCD2B25B86800A42A3E /* minmax */ = {
			isa = PBXGroup;
			children = (
				A44ADCCE2B25B86800A42A3E /* main.cpp */,
			);
			path = minmax;
			sourceTree = "<group>";
		};
		A44ADCD82B275A4E00A42A3E /* kakaoemoticon */ = {
			isa = PBXGroup;
			children = (
				A44ADCD92B275A4E00A42A3E /* main.cpp */,
			);
			path = kakaoemoticon;
			sourceTree = "<group>";
		};
		A4E112842AF7AC88007115CB /* 1522 */ = {
			isa = PBXGroup;
			children = (
				A4E112852AF7AC88007115CB /* main.cpp */,
			);
			path = 1522;
			sourceTree = "<group>";
		};
		A4E1129A2AF83559007115CB /* 1027 */ = {
			isa = PBXGroup;
			children = (
				A4E1129B2AF83559007115CB /* main.cpp */,
			);
			path = 1027;
			sourceTree = "<group>";
		};
		A4E4A94D2AC349C500164EBD = {
			isa = PBXGroup;
			children = (
				A4E4A9652AC349D800164EBD /* 2563 */,
				A4E4A9702AC349E600164EBD /* 30052 */,
				A4E4A9912AC4181300164EBD /* 1316 */,
				A4E4A9A72AC6F4FB00164EBD /* 14502 */,
				A44A73232ACAEFD900B584C0 /* 14888 */,
				A44A732E2ACAEFF600B584C0 /* 15649 */,
				A4E112842AF7AC88007115CB /* 1522 */,
				A4E1129A2AF83559007115CB /* 1027 */,
				A44ADCC22B25B84B00A42A3E /* hamburger */,
				A44ADCCD2B25B86800A42A3E /* minmax */,
				A44ADCD82B275A4E00A42A3E /* kakaoemoticon */,
				A43790EE2B62D3460026E517 /* 10819 */,
				A43790F92B62D4B00026E517 /* 10974 */,
				A43791042B62D8310026E517 /* 15651 */,
				A4E4A9572AC349C500164EBD /* Products */,
			);
			sourceTree = "<group>";
		};
		A4E4A9572AC349C500164EBD /* Products */ = {
			isa = PBXGroup;
			children = (
				A4E4A9642AC349D800164EBD /* 2563 */,
				A4E4A96F2AC349E600164EBD /* 30052 */,
				A4E4A9902AC4181300164EBD /* 1316 */,
				A4E4A9A62AC6F4FB00164EBD /* 14502 */,
				A44A73222ACAEFD900B584C0 /* 14888 */,
				A44A732D2ACAEFF600B584C0 /* 15649 */,
				A4E112832AF7AC88007115CB /* 1522 */,
				A4E112992AF83559007115CB /* 1027 */,
				A44ADCC12B25B84B00A42A3E /* hamburger */,
				A44ADCCC2B25B86800A42A3E /* minmax */,
				A44ADCD72B275A4E00A42A3E /* kakaoemoticon */,
				A43790ED2B62D3460026E517 /* 10819 */,
				A43790F82B62D4B00026E517 /* 10974 */,
				A43791032B62D8310026E517 /* 15651 */,
			);
			name = Products;
			sourceTree = "<group>";
		};
		A4E4A9652AC349D800164EBD /* 2563 */ = {
			isa = PBXGroup;
			children = (
				A4E4A9662AC349D800164EBD /* main.cpp */,
			);
			path = 2563;
			sourceTree = "<group>";
		};
		A4E4A9702AC349E600164EBD /* 30052 */ = {
			isa = PBXGroup;
			children = (
				A4E4A9712AC349E600164EBD /* main.cpp */,
			);
			path = 30052;
			sourceTree = "<group>";
		};
		A4E4A9912AC4181300164EBD /* 1316 */ = {
			isa = PBXGroup;
			children = (
				A4E4A9922AC4181300164EBD /* main.cpp */,
			);
			path = 1316;
			sourceTree = "<group>";
		};
		A4E4A9A72AC6F4FB00164EBD /* 14502 */ = {
			isa = PBXGroup;
			children = (
				A4E4A9A82AC6F4FB00164EBD /* main.cpp */,
			);
			path = 14502;
			sourceTree = "<group>";
		};
/* End PBXGroup section */

/* Begin PBXNativeTarget section */
		A43790EC2B62D3460026E517 /* 10819 */ = {
			isa = PBXNativeTarget;
			buildConfigurationList = A43790F32B62D3460026E517 /* Build configuration list for PBXNativeTarget "10819" */;
			buildPhases = (
				A43790E92B62D3460026E517 /* Sources */,
				A43790EA2B62D3460026E517 /* Frameworks */,
				A43790EB2B62D3460026E517 /* CopyFiles */,
			);
			buildRules = (
			);
			dependencies = (
			);
			name = 10819;
			productName = 10819;
			productReference = A43790ED2B62D3460026E517 /* 10819 */;
			productType = "com.apple.product-type.tool";
		};
		A43790F72B62D4AF0026E517 /* 10974 */ = {
			isa = PBXNativeTarget;
			buildConfigurationList = A43790FC2B62D4B00026E517 /* Build configuration list for PBXNativeTarget "10974" */;
			buildPhases = (
				A43790F42B62D4AF0026E517 /* Sources */,
				A43790F52B62D4AF0026E517 /* Frameworks */,
				A43790F62B62D4AF0026E517 /* CopyFiles */,
			);
			buildRules = (
			);
			dependencies = (
			);
			name = 10974;
			productName = 10974;
			productReference = A43790F82B62D4B00026E517 /* 10974 */;
			productType = "com.apple.product-type.tool";
		};
		A43791022B62D8310026E517 /* 15651 */ = {
			isa = PBXNativeTarget;
			buildConfigurationList = A43791072B62D8310026E517 /* Build configuration list for PBXNativeTarget "15651" */;
			buildPhases = (
				A43790FF2B62D8310026E517 /* Sources */,
				A43791002B62D8310026E517 /* Frameworks */,
				A43791012B62D8310026E517 /* CopyFiles */,
			);
			buildRules = (
			);
			dependencies = (
			);
			name = 15651;
			productName = 15651;
			productReference = A43791032B62D8310026E517 /* 15651 */;
			productType = "com.apple.product-type.tool";
		};
		A44A73212ACAEFD900B584C0 /* 14888 */ = {
			isa = PBXNativeTarget;
			buildConfigurationList = A44A73282ACAEFD900B584C0 /* Build configuration list for PBXNativeTarget "14888" */;
			buildPhases = (
				A44A731E2ACAEFD900B584C0 /* Sources */,
				A44A731F2ACAEFD900B584C0 /* Frameworks */,
				A44A73202ACAEFD900B584C0 /* CopyFiles */,
			);
			buildRules = (
			);
			dependencies = (
			);
			name = 14888;
			productName = 14888;
			productReference = A44A73222ACAEFD900B584C0 /* 14888 */;
			productType = "com.apple.product-type.tool";
		};
		A44A732C2ACAEFF600B584C0 /* 15649 */ = {
			isa = PBXNativeTarget;
			buildConfigurationList = A44A73312ACAEFF600B584C0 /* Build configuration list for PBXNativeTarget "15649" */;
			buildPhases = (
				A44A73292ACAEFF600B584C0 /* Sources */,
				A44A732A2ACAEFF600B584C0 /* Frameworks */,
				A44A732B2ACAEFF600B584C0 /* CopyFiles */,
			);
			buildRules = (
			);
			dependencies = (
			);
			name = 15649;
			productName = 15649;
			productReference = A44A732D2ACAEFF600B584C0 /* 15649 */;
			productType = "com.apple.product-type.tool";
		};
		A44ADCC02B25B84B00A42A3E /* hamburger */ = {
			isa = PBXNativeTarget;
			buildConfigurationList = A44ADCC72B25B84B00A42A3E /* Build configuration list for PBXNativeTarget "hamburger" */;
			buildPhases = (
				A44ADCBD2B25B84B00A42A3E /* Sources */,
				A44ADCBE2B25B84B00A42A3E /* Frameworks */,
				A44ADCBF2B25B84B00A42A3E /* CopyFiles */,
			);
			buildRules = (
			);
			dependencies = (
			);
			name = hamburger;
			productName = hamburger;
			productReference = A44ADCC12B25B84B00A42A3E /* hamburger */;
			productType = "com.apple.product-type.tool";
		};
		A44ADCCB2B25B86800A42A3E /* minmax */ = {
			isa = PBXNativeTarget;
			buildConfigurationList = A44ADCD02B25B86800A42A3E /* Build configuration list for PBXNativeTarget "minmax" */;
			buildPhases = (
				A44ADCC82B25B86800A42A3E /* Sources */,
				A44ADCC92B25B86800A42A3E /* Frameworks */,
				A44ADCCA2B25B86800A42A3E /* CopyFiles */,
			);
			buildRules = (
			);
			dependencies = (
			);
			name = minmax;
			productName = minmax;
			productReference = A44ADCCC2B25B86800A42A3E /* minmax */;
			productType = "com.apple.product-type.tool";
		};
		A44ADCD62B275A4E00A42A3E /* kakaoemoticon */ = {
			isa = PBXNativeTarget;
			buildConfigurationList = A44ADCDD2B275A4E00A42A3E /* Build configuration list for PBXNativeTarget "kakaoemoticon" */;
			buildPhases = (
				A44ADCD32B275A4E00A42A3E /* Sources */,
				A44ADCD42B275A4E00A42A3E /* Frameworks */,
				A44ADCD52B275A4E00A42A3E /* CopyFiles */,
			);
			buildRules = (
			);
			dependencies = (
			);
			name = kakaoemoticon;
			productName = kakaoemoticon;
			productReference = A44ADCD72B275A4E00A42A3E /* kakaoemoticon */;
			productType = "com.apple.product-type.tool";
		};
		A4E112822AF7AC88007115CB /* 1522 */ = {
			isa = PBXNativeTarget;
			buildConfigurationList = A4E112892AF7AC88007115CB /* Build configuration list for PBXNativeTarget "1522" */;
			buildPhases = (
				A4E1127F2AF7AC88007115CB /* Sources */,
				A4E112802AF7AC88007115CB /* Frameworks */,
				A4E112812AF7AC88007115CB /* CopyFiles */,
			);
			buildRules = (
			);
			dependencies = (
			);
			name = 1522;
			productName = 1522;
			productReference = A4E112832AF7AC88007115CB /* 1522 */;
			productType = "com.apple.product-type.tool";
		};
		A4E112982AF83559007115CB /* 1027 */ = {
			isa = PBXNativeTarget;
			buildConfigurationList = A4E1129F2AF83559007115CB /* Build configuration list for PBXNativeTarget "1027" */;
			buildPhases = (
				A4E112952AF83559007115CB /* Sources */,
				A4E112962AF83559007115CB /* Frameworks */,
				A4E112972AF83559007115CB /* CopyFiles */,
			);
			buildRules = (
			);
			dependencies = (
			);
			name = 1027;
			productName = 1027;
			productReference = A4E112992AF83559007115CB /* 1027 */;
			productType = "com.apple.product-type.tool";
		};
		A4E4A9632AC349D800164EBD /* 2563 */ = {
			isa = PBXNativeTarget;
			buildConfigurationList = A4E4A9682AC349D800164EBD /* Build configuration list for PBXNativeTarget "2563" */;
			buildPhases = (
				A4E4A9602AC349D800164EBD /* Sources */,
				A4E4A9612AC349D800164EBD /* Frameworks */,
				A4E4A9622AC349D800164EBD /* CopyFiles */,
			);
			buildRules = (
			);
			dependencies = (
			);
			name = 2563;
			productName = 2563;
			productReference = A4E4A9642AC349D800164EBD /* 2563 */;
			productType = "com.apple.product-type.tool";
		};
		A4E4A96E2AC349E600164EBD /* 30052 */ = {
			isa = PBXNativeTarget;
			buildConfigurationList = A4E4A9732AC349E600164EBD /* Build configuration list for PBXNativeTarget "30052" */;
			buildPhases = (
				A4E4A96B2AC349E600164EBD /* Sources */,
				A4E4A96C2AC349E600164EBD /* Frameworks */,
				A4E4A96D2AC349E600164EBD /* CopyFiles */,
			);
			buildRules = (
			);
			dependencies = (
			);
			name = 30052;
			productName = 30052;
			productReference = A4E4A96F2AC349E600164EBD /* 30052 */;
			productType = "com.apple.product-type.tool";
		};
		A4E4A98F2AC4181300164EBD /* 1316 */ = {
			isa = PBXNativeTarget;
			buildConfigurationList = A4E4A9942AC4181300164EBD /* Build configuration list for PBXNativeTarget "1316" */;
			buildPhases = (
				A4E4A98C2AC4181300164EBD /* Sources */,
				A4E4A98D2AC4181300164EBD /* Frameworks */,
				A4E4A98E2AC4181300164EBD /* CopyFiles */,
			);
			buildRules = (
			);
			dependencies = (
			);
			name = 1316;
			productName = 1316;
			productReference = A4E4A9902AC4181300164EBD /* 1316 */;
			productType = "com.apple.product-type.tool";
		};
		A4E4A9A52AC6F4FB00164EBD /* 14502 */ = {
			isa = PBXNativeTarget;
			buildConfigurationList = A4E4A9AC2AC6F4FB00164EBD /* Build configuration list for PBXNativeTarget "14502" */;
			buildPhases = (
				A4E4A9A22AC6F4FB00164EBD /* Sources */,
				A4E4A9A32AC6F4FB00164EBD /* Frameworks */,
				A4E4A9A42AC6F4FB00164EBD /* CopyFiles */,
			);
			buildRules = (
			);
			dependencies = (
			);
			name = 14502;
			productName = 14502;
			productReference = A4E4A9A62AC6F4FB00164EBD /* 14502 */;
			productType = "com.apple.product-type.tool";
		};
/* End PBXNativeTarget section */

/* Begin PBXProject section */
		A4E4A94E2AC349C500164EBD /* Project object */ = {
			isa = PBXProject;
			attributes = {
				BuildIndependentTargetsInParallel = 1;
				LastUpgradeCheck = 1420;
				TargetAttributes = {
					A43790EC2B62D3460026E517 = {
						CreatedOnToolsVersion = 14.2;
					};
					A43790F72B62D4AF0026E517 = {
						CreatedOnToolsVersion = 14.2;
					};
					A43791022B62D8310026E517 = {
						CreatedOnToolsVersion = 14.2;
					};
					A44A73212ACAEFD900B584C0 = {
						CreatedOnToolsVersion = 14.2;
					};
					A44A732C2ACAEFF600B584C0 = {
						CreatedOnToolsVersion = 14.2;
					};
					A44ADCC02B25B84B00A42A3E = {
						CreatedOnToolsVersion = 14.2;
					};
					A44ADCCB2B25B86800A42A3E = {
						CreatedOnToolsVersion = 14.2;
					};
					A44ADCD62B275A4E00A42A3E = {
						CreatedOnToolsVersion = 14.2;
					};
					A4E112822AF7AC88007115CB = {
						CreatedOnToolsVersion = 14.2;
					};
					A4E112982AF83559007115CB = {
						CreatedOnToolsVersion = 14.2;
					};
					A4E4A9632AC349D800164EBD = {
						CreatedOnToolsVersion = 14.2;
					};
					A4E4A96E2AC349E600164EBD = {
						CreatedOnToolsVersion = 14.2;
					};
					A4E4A98F2AC4181300164EBD = {
						CreatedOnToolsVersion = 14.2;
					};
					A4E4A9A52AC6F4FB00164EBD = {
						CreatedOnToolsVersion = 14.2;
					};
				};
			};
			buildConfigurationList = A4E4A9512AC349C500164EBD /* Build configuration list for PBXProject "Idea" */;
			compatibilityVersion = "Xcode 14.0";
			developmentRegion = en;
			hasScannedForEncodings = 0;
			knownRegions = (
				en,
				Base,
			);
			mainGroup = A4E4A94D2AC349C500164EBD;
			productRefGroup = A4E4A9572AC349C500164EBD /* Products */;
			projectDirPath = "";
			projectRoot = "";
			targets = (
				A4E4A9632AC349D800164EBD /* 2563 */,
				A4E4A96E2AC349E600164EBD /* 30052 */,
				A4E4A98F2AC4181300164EBD /* 1316 */,
				A4E4A9A52AC6F4FB00164EBD /* 14502 */,
				A44A73212ACAEFD900B584C0 /* 14888 */,
				A44A732C2ACAEFF600B584C0 /* 15649 */,
				A4E112822AF7AC88007115CB /* 1522 */,
				A4E112982AF83559007115CB /* 1027 */,
				A44ADCC02B25B84B00A42A3E /* hamburger */,
				A44ADCCB2B25B86800A42A3E /* minmax */,
				A44ADCD62B275A4E00A42A3E /* kakaoemoticon */,
				A43790EC2B62D3460026E517 /* 10819 */,
				A43790F72B62D4AF0026E517 /* 10974 */,
				A43791022B62D8310026E517 /* 15651 */,
			);
		};
/* End PBXProject section */

/* Begin PBXSourcesBuildPhase section */
		A43790E92B62D3460026E517 /* Sources */ = {
			isa = PBXSourcesBuildPhase;
			buildActionMask = 2147483647;
			files = (
				A43790F02B62D3460026E517 /* main.cpp in Sources */,
			);
			runOnlyForDeploymentPostprocessing = 0;
		};
		A43790F42B62D4AF0026E517 /* Sources */ = {
			isa = PBXSourcesBuildPhase;
			buildActionMask = 2147483647;
			files = (
				A43790FB2B62D4B00026E517 /* main.cpp in Sources */,
			);
			runOnlyForDeploymentPostprocessing = 0;
		};
		A43790FF2B62D8310026E517 /* Sources */ = {
			isa = PBXSourcesBuildPhase;
			buildActionMask = 2147483647;
			files = (
				A43791062B62D8310026E517 /* main.cpp in Sources */,
			);
			runOnlyForDeploymentPostprocessing = 0;
		};
		A44A731E2ACAEFD900B584C0 /* Sources */ = {
			isa = PBXSourcesBuildPhase;
			buildActionMask = 2147483647;
			files = (
				A44A73252ACAEFD900B584C0 /* main.cpp in Sources */,
			);
			runOnlyForDeploymentPostprocessing = 0;
		};
		A44A73292ACAEFF600B584C0 /* Sources */ = {
			isa = PBXSourcesBuildPhase;
			buildActionMask = 2147483647;
			files = (
				A44A73302ACAEFF600B584C0 /* main.cpp in Sources */,
			);
			runOnlyForDeploymentPostprocessing = 0;
		};
		A44ADCBD2B25B84B00A42A3E /* Sources */ = {
			isa = PBXSourcesBuildPhase;
			buildActionMask = 2147483647;
			files = (
				A44ADCC42B25B84B00A42A3E /* main.cpp in Sources */,
			);
			runOnlyForDeploymentPostprocessing = 0;
		};
		A44ADCC82B25B86800A42A3E /* Sources */ = {
			isa = PBXSourcesBuildPhase;
			buildActionMask = 2147483647;
			files = (
				A44ADCCF2B25B86800A42A3E /* main.cpp in Sources */,
			);
			runOnlyForDeploymentPostprocessing = 0;
		};
		A44ADCD32B275A4E00A42A3E /* Sources */ = {
			isa = PBXSourcesBuildPhase;
			buildActionMask = 2147483647;
			files = (
				A44ADCDA2B275A4E00A42A3E /* main.cpp in Sources */,
			);
			runOnlyForDeploymentPostprocessing = 0;
		};
		A4E1127F2AF7AC88007115CB /* Sources */ = {
			isa = PBXSourcesBuildPhase;
			buildActionMask = 2147483647;
			files = (
				A4E112862AF7AC88007115CB /* main.cpp in Sources */,
			);
			runOnlyForDeploymentPostprocessing = 0;
		};
		A4E112952AF83559007115CB /* Sources */ = {
			isa = PBXSourcesBuildPhase;
			buildActionMask = 2147483647;
			files = (
				A4E1129C2AF83559007115CB /* main.cpp in Sources */,
			);
			runOnlyForDeploymentPostprocessing = 0;
		};
		A4E4A9602AC349D800164EBD /* Sources */ = {
			isa = PBXSourcesBuildPhase;
			buildActionMask = 2147483647;
			files = (
				A4E4A9672AC349D800164EBD /* main.cpp in Sources */,
			);
			runOnlyForDeploymentPostprocessing = 0;
		};
		A4E4A96B2AC349E600164EBD /* Sources */ = {
			isa = PBXSourcesBuildPhase;
			buildActionMask = 2147483647;
			files = (
				A4E4A9722AC349E600164EBD /* main.cpp in Sources */,
			);
			runOnlyForDeploymentPostprocessing = 0;
		};
		A4E4A98C2AC4181300164EBD /* Sources */ = {
			isa = PBXSourcesBuildPhase;
			buildActionMask = 2147483647;
			files = (
				A4E4A9932AC4181300164EBD /* main.cpp in Sources */,
			);
			runOnlyForDeploymentPostprocessing = 0;
		};
		A4E4A9A22AC6F4FB00164EBD /* Sources */ = {
			isa = PBXSourcesBuildPhase;
			buildActionMask = 2147483647;
			files = (
				A4E4A9A92AC6F4FB00164EBD /* main.cpp in Sources */,
			);
			runOnlyForDeploymentPostprocessing = 0;
		};
/* End PBXSourcesBuildPhase section */

/* Begin XCBuildConfiguration section */
		A43790F12B62D3460026E517 /* Debug */ = {
			isa = XCBuildConfiguration;
			buildSettings = {
				CODE_SIGN_STYLE = Automatic;
				PRODUCT_NAME = "$(TARGET_NAME)";
			};
			name = Debug;
		};
		A43790F22B62D3460026E517 /* Release */ = {
			isa = XCBuildConfiguration;
			buildSettings = {
				CODE_SIGN_STYLE = Automatic;
				PRODUCT_NAME = "$(TARGET_NAME)";
			};
			name = Release;
		};
		A43790FD2B62D4B00026E517 /* Debug */ = {
			isa = XCBuildConfiguration;
			buildSettings = {
				CODE_SIGN_STYLE = Automatic;
				PRODUCT_NAME = "$(TARGET_NAME)";
			};
			name = Debug;
		};
		A43790FE2B62D4B00026E517 /* Release */ = {
			isa = XCBuildConfiguration;
			buildSettings = {
				CODE_SIGN_STYLE = Automatic;
				PRODUCT_NAME = "$(TARGET_NAME)";
			};
			name = Release;
		};
		A43791082B62D8310026E517 /* Debug */ = {
			isa = XCBuildConfiguration;
			buildSettings = {
				CODE_SIGN_STYLE = Automatic;
				PRODUCT_NAME = "$(TARGET_NAME)";
			};
			name = Debug;
		};
		A43791092B62D8310026E517 /* Release */ = {
			isa = XCBuildConfiguration;
			buildSettings = {
				CODE_SIGN_STYLE = Automatic;
				PRODUCT_NAME = "$(TARGET_NAME)";
			};
			name = Release;
		};
		A44A73262ACAEFD900B584C0 /* Debug */ = {
			isa = XCBuildConfiguration;
			buildSettings = {
				CODE_SIGN_STYLE = Automatic;
				PRODUCT_NAME = "$(TARGET_NAME)";
			};
			name = Debug;
		};
		A44A73272ACAEFD900B584C0 /* Release */ = {
			isa = XCBuildConfiguration;
			buildSettings = {
				CODE_SIGN_STYLE = Automatic;
				PRODUCT_NAME = "$(TARGET_NAME)";
			};
			name = Release;
		};
		A44A73322ACAEFF600B584C0 /* Debug */ = {
			isa = XCBuildConfiguration;
			buildSettings = {
				CODE_SIGN_STYLE = Automatic;
				PRODUCT_NAME = "$(TARGET_NAME)";
			};
			name = Debug;
		};
		A44A73332ACAEFF600B584C0 /* Release */ = {
			isa = XCBuildConfiguration;
			buildSettings = {
				CODE_SIGN_STYLE = Automatic;
				PRODUCT_NAME = "$(TARGET_NAME)";
			};
			name = Release;
		};
		A44ADCC52B25B84B00A42A3E /* Debug */ = {
			isa = XCBuildConfiguration;
			buildSettings = {
				CODE_SIGN_STYLE = Automatic;
				PRODUCT_NAME = "$(TARGET_NAME)";
			};
			name = Debug;
		};
		A44ADCC62B25B84B00A42A3E /* Release */ = {
			isa = XCBuildConfiguration;
			buildSettings = {
				CODE_SIGN_STYLE = Automatic;
				PRODUCT_NAME = "$(TARGET_NAME)";
			};
			name = Release;
		};
		A44ADCD12B25B86800A42A3E /* Debug */ = {
			isa = XCBuildConfiguration;
			buildSettings = {
				CODE_SIGN_STYLE = Automatic;
				PRODUCT_NAME = "$(TARGET_NAME)";
			};
			name = Debug;
		};
		A44ADCD22B25B86800A42A3E /* Release */ = {
			isa = XCBuildConfiguration;
			buildSettings = {
				CODE_SIGN_STYLE = Automatic;
				PRODUCT_NAME = "$(TARGET_NAME)";
			};
			name = Release;
		};
		A44ADCDB2B275A4E00A42A3E /* Debug */ = {
			isa = XCBuildConfiguration;
			buildSettings = {
				CODE_SIGN_STYLE = Automatic;
				PRODUCT_NAME = "$(TARGET_NAME)";
			};
			name = Debug;
		};
		A44ADCDC2B275A4E00A42A3E /* Release */ = {
			isa = XCBuildConfiguration;
			buildSettings = {
				CODE_SIGN_STYLE = Automatic;
				PRODUCT_NAME = "$(TARGET_NAME)";
			};
			name = Release;
		};
		A4E112872AF7AC88007115CB /* Debug */ = {
			isa = XCBuildConfiguration;
			buildSettings = {
				CODE_SIGN_STYLE = Automatic;
				PRODUCT_NAME = "$(TARGET_NAME)";
			};
			name = Debug;
		};
		A4E112882AF7AC88007115CB /* Release */ = {
			isa = XCBuildConfiguration;
			buildSettings = {
				CODE_SIGN_STYLE = Automatic;
				PRODUCT_NAME = "$(TARGET_NAME)";
			};
			name = Release;
		};
		A4E1129D2AF83559007115CB /* Debug */ = {
			isa = XCBuildConfiguration;
			buildSettings = {
				CODE_SIGN_STYLE = Automatic;
				PRODUCT_NAME = "$(TARGET_NAME)";
			};
			name = Debug;
		};
		A4E1129E2AF83559007115CB /* Release */ = {
			isa = XCBuildConfiguration;
			buildSettings = {
				CODE_SIGN_STYLE = Automatic;
				PRODUCT_NAME = "$(TARGET_NAME)";
			};
			name = Release;
		};
		A4E4A95B2AC349C500164EBD /* Debug */ = {
			isa = XCBuildConfiguration;
			buildSettings = {
				ALWAYS_SEARCH_USER_PATHS = NO;
				CLANG_ANALYZER_NONNULL = YES;
				CLANG_ANALYZER_NUMBER_OBJECT_CONVERSION = YES_AGGRESSIVE;
				CLANG_CXX_LANGUAGE_STANDARD = "gnu++20";
				CLANG_ENABLE_MODULES = YES;
				CLANG_ENABLE_OBJC_ARC = YES;
				CLANG_ENABLE_OBJC_WEAK = YES;
				CLANG_WARN_BLOCK_CAPTURE_AUTORELEASING = YES;
				CLANG_WARN_BOOL_CONVERSION = YES;
				CLANG_WARN_COMMA = YES;
				CLANG_WARN_CONSTANT_CONVERSION = YES;
				CLANG_WARN_DEPRECATED_OBJC_IMPLEMENTATIONS = YES;
				CLANG_WARN_DIRECT_OBJC_ISA_USAGE = YES_ERROR;
				CLANG_WARN_DOCUMENTATION_COMMENTS = YES;
				CLANG_WARN_EMPTY_BODY = YES;
				CLANG_WARN_ENUM_CONVERSION = YES;
				CLANG_WARN_INFINITE_RECURSION = YES;
				CLANG_WARN_INT_CONVERSION = YES;
				CLANG_WARN_NON_LITERAL_NULL_CONVERSION = YES;
				CLANG_WARN_OBJC_IMPLICIT_RETAIN_SELF = YES;
				CLANG_WARN_OBJC_LITERAL_CONVERSION = YES;
				CLANG_WARN_OBJC_ROOT_CLASS = YES_ERROR;
				CLANG_WARN_QUOTED_INCLUDE_IN_FRAMEWORK_HEADER = YES;
				CLANG_WARN_RANGE_LOOP_ANALYSIS = YES;
				CLANG_WARN_STRICT_PROTOTYPES = YES;
				CLANG_WARN_SUSPICIOUS_MOVE = YES;
				CLANG_WARN_UNGUARDED_AVAILABILITY = YES_AGGRESSIVE;
				CLANG_WARN_UNREACHABLE_CODE = YES;
				CLANG_WARN__DUPLICATE_METHOD_MATCH = YES;
				COPY_PHASE_STRIP = NO;
				DEBUG_INFORMATION_FORMAT = dwarf;
				ENABLE_STRICT_OBJC_MSGSEND = YES;
				ENABLE_TESTABILITY = YES;
				GCC_C_LANGUAGE_STANDARD = gnu11;
				GCC_DYNAMIC_NO_PIC = NO;
				GCC_NO_COMMON_BLOCKS = YES;
				GCC_OPTIMIZATION_LEVEL = 0;
				GCC_PREPROCESSOR_DEFINITIONS = (
					"DEBUG=1",
					"$(inherited)",
				);
				GCC_WARN_64_TO_32_BIT_CONVERSION = YES;
				GCC_WARN_ABOUT_RETURN_TYPE = YES_ERROR;
				GCC_WARN_UNDECLARED_SELECTOR = YES;
				GCC_WARN_UNINITIALIZED_AUTOS = YES_AGGRESSIVE;
				GCC_WARN_UNUSED_FUNCTION = YES;
				GCC_WARN_UNUSED_VARIABLE = YES;
				MACOSX_DEPLOYMENT_TARGET = 13.0;
				MTL_ENABLE_DEBUG_INFO = INCLUDE_SOURCE;
				MTL_FAST_MATH = YES;
				ONLY_ACTIVE_ARCH = YES;
				SDKROOT = macosx;
			};
			name = Debug;
		};
		A4E4A95C2AC349C500164EBD /* Release */ = {
			isa = XCBuildConfiguration;
			buildSettings = {
				ALWAYS_SEARCH_USER_PATHS = NO;
				CLANG_ANALYZER_NONNULL = YES;
				CLANG_ANALYZER_NUMBER_OBJECT_CONVERSION = YES_AGGRESSIVE;
				CLANG_CXX_LANGUAGE_STANDARD = "gnu++20";
				CLANG_ENABLE_MODULES = YES;
				CLANG_ENABLE_OBJC_ARC = YES;
				CLANG_ENABLE_OBJC_WEAK = YES;
				CLANG_WARN_BLOCK_CAPTURE_AUTORELEASING = YES;
				CLANG_WARN_BOOL_CONVERSION = YES;
				CLANG_WARN_COMMA = YES;
				CLANG_WARN_CONSTANT_CONVERSION = YES;
				CLANG_WARN_DEPRECATED_OBJC_IMPLEMENTATIONS = YES;
				CLANG_WARN_DIRECT_OBJC_ISA_USAGE = YES_ERROR;
				CLANG_WARN_DOCUMENTATION_COMMENTS = YES;
				CLANG_WARN_EMPTY_BODY = YES;
				CLANG_WARN_ENUM_CONVERSION = YES;
				CLANG_WARN_INFINITE_RECURSION = YES;
				CLANG_WARN_INT_CONVERSION = YES;
				CLANG_WARN_NON_LITERAL_NULL_CONVERSION = YES;
				CLANG_WARN_OBJC_IMPLICIT_RETAIN_SELF = YES;
				CLANG_WARN_OBJC_LITERAL_CONVERSION = YES;
				CLANG_WARN_OBJC_ROOT_CLASS = YES_ERROR;
				CLANG_WARN_QUOTED_INCLUDE_IN_FRAMEWORK_HEADER = YES;
				CLANG_WARN_RANGE_LOOP_ANALYSIS = YES;
				CLANG_WARN_STRICT_PROTOTYPES = YES;
				CLANG_WARN_SUSPICIOUS_MOVE = YES;
				CLANG_WARN_UNGUARDED_AVAILABILITY = YES_AGGRESSIVE;
				CLANG_WARN_UNREACHABLE_CODE = YES;
				CLANG_WARN__DUPLICATE_METHOD_MATCH = YES;
				COPY_PHASE_STRIP = NO;
				DEBUG_INFORMATION_FORMAT = "dwarf-with-dsym";
				ENABLE_NS_ASSERTIONS = NO;
				ENABLE_STRICT_OBJC_MSGSEND = YES;
				GCC_C_LANGUAGE_STANDARD = gnu11;
				GCC_NO_COMMON_BLOCKS = YES;
				GCC_WARN_64_TO_32_BIT_CONVERSION = YES;
				GCC_WARN_ABOUT_RETURN_TYPE = YES_ERROR;
				GCC_WARN_UNDECLARED_SELECTOR = YES;
				GCC_WARN_UNINITIALIZED_AUTOS = YES_AGGRESSIVE;
				GCC_WARN_UNUSED_FUNCTION = YES;
				GCC_WARN_UNUSED_VARIABLE = YES;
				MACOSX_DEPLOYMENT_TARGET = 13.0;
				MTL_ENABLE_DEBUG_INFO = NO;
				MTL_FAST_MATH = YES;
				SDKROOT = macosx;
			};
			name = Release;
		};
		A4E4A9692AC349D800164EBD /* Debug */ = {
			isa = XCBuildConfiguration;
			buildSettings = {
				CODE_SIGN_STYLE = Automatic;
				PRODUCT_NAME = "$(TARGET_NAME)";
			};
			name = Debug;
		};
		A4E4A96A2AC349D800164EBD /* Release */ = {
			isa = XCBuildConfiguration;
			buildSettings = {
				CODE_SIGN_STYLE = Automatic;
				PRODUCT_NAME = "$(TARGET_NAME)";
			};
			name = Release;
		};
		A4E4A9742AC349E600164EBD /* Debug */ = {
			isa = XCBuildConfiguration;
			buildSettings = {
				CODE_SIGN_STYLE = Automatic;
				PRODUCT_NAME = "$(TARGET_NAME)";
			};
			name = Debug;
		};
		A4E4A9752AC349E600164EBD /* Release */ = {
			isa = XCBuildConfiguration;
			buildSettings = {
				CODE_SIGN_STYLE = Automatic;
				PRODUCT_NAME = "$(TARGET_NAME)";
			};
			name = Release;
		};
		A4E4A9952AC4181300164EBD /* Debug */ = {
			isa = XCBuildConfiguration;
			buildSettings = {
				CODE_SIGN_STYLE = Automatic;
				PRODUCT_NAME = "$(TARGET_NAME)";
			};
			name = Debug;
		};
		A4E4A9962AC4181300164EBD /* Release */ = {
			isa = XCBuildConfiguration;
			buildSettings = {
				CODE_SIGN_STYLE = Automatic;
				PRODUCT_NAME = "$(TARGET_NAME)";
			};
			name = Release;
		};
		A4E4A9AA2AC6F4FB00164EBD /* Debug */ = {
			isa = XCBuildConfiguration;
			buildSettings = {
				CODE_SIGN_STYLE = Automatic;
				PRODUCT_NAME = "$(TARGET_NAME)";
			};
			name = Debug;
		};
		A4E4A9AB2AC6F4FB00164EBD /* Release */ = {
			isa = XCBuildConfiguration;
			buildSettings = {
				CODE_SIGN_STYLE = Automatic;
				PRODUCT_NAME = "$(TARGET_NAME)";
			};
			name = Release;
		};
/* End XCBuildConfiguration section */

/* Begin XCConfigurationList section */
		A43790F32B62D3460026E517 /* Build configuration list for PBXNativeTarget "10819" */ = {
			isa = XCConfigurationList;
			buildConfigurations = (
				A43790F12B62D3460026E517 /* Debug */,
				A43790F22B62D3460026E517 /* Release */,
			);
			defaultConfigurationIsVisible = 0;
			defaultConfigurationName = Release;
		};
		A43790FC2B62D4B00026E517 /* Build configuration list for PBXNativeTarget "10974" */ = {
			isa = XCConfigurationList;
			buildConfigurations = (
				A43790FD2B62D4B00026E517 /* Debug */,
				A43790FE2B62D4B00026E517 /* Release */,
			);
			defaultConfigurationIsVisible = 0;
			defaultConfigurationName = Release;
		};
		A43791072B62D8310026E517 /* Build configuration list for PBXNativeTarget "15651" */ = {
			isa = XCConfigurationList;
			buildConfigurations = (
				A43791082B62D8310026E517 /* Debug */,
				A43791092B62D8310026E517 /* Release */,
			);
			defaultConfigurationIsVisible = 0;
			defaultConfigurationName = Release;
		};
		A44A73282ACAEFD900B584C0 /* Build configuration list for PBXNativeTarget "14888" */ = {
			isa = XCConfigurationList;
			buildConfigurations = (
				A44A73262ACAEFD900B584C0 /* Debug */,
				A44A73272ACAEFD900B584C0 /* Release */,
			);
			defaultConfigurationIsVisible = 0;
			defaultConfigurationName = Release;
		};
		A44A73312ACAEFF600B584C0 /* Build configuration list for PBXNativeTarget "15649" */ = {
			isa = XCConfigurationList;
			buildConfigurations = (
				A44A73322ACAEFF600B584C0 /* Debug */,
				A44A73332ACAEFF600B584C0 /* Release */,
			);
			defaultConfigurationIsVisible = 0;
			defaultConfigurationName = Release;
		};
		A44ADCC72B25B84B00A42A3E /* Build configuration list for PBXNativeTarget "hamburger" */ = {
			isa = XCConfigurationList;
			buildConfigurations = (
				A44ADCC52B25B84B00A42A3E /* Debug */,
				A44ADCC62B25B84B00A42A3E /* Release */,
			);
			defaultConfigurationIsVisible = 0;
			defaultConfigurationName = Release;
		};
		A44ADCD02B25B86800A42A3E /* Build configuration list for PBXNativeTarget "minmax" */ = {
			isa = XCConfigurationList;
			buildConfigurations = (
				A44ADCD12B25B86800A42A3E /* Debug */,
				A44ADCD22B25B86800A42A3E /* Release */,
			);
			defaultConfigurationIsVisible = 0;
			defaultConfigurationName = Release;
		};
		A44ADCDD2B275A4E00A42A3E /* Build configuration list for PBXNativeTarget "kakaoemoticon" */ = {
			isa = XCConfigurationList;
			buildConfigurations = (
				A44ADCDB2B275A4E00A42A3E /* Debug */,
				A44ADCDC2B275A4E00A42A3E /* Release */,
			);
			defaultConfigurationIsVisible = 0;
			defaultConfigurationName = Release;
		};
		A4E112892AF7AC88007115CB /* Build configuration list for PBXNativeTarget "1522" */ = {
			isa = XCConfigurationList;
			buildConfigurations = (
				A4E112872AF7AC88007115CB /* Debug */,
				A4E112882AF7AC88007115CB /* Release */,
			);
			defaultConfigurationIsVisible = 0;
			defaultConfigurationName = Release;
		};
		A4E1129F2AF83559007115CB /* Build configuration list for PBXNativeTarget "1027" */ = {
			isa = XCConfigurationList;
			buildConfigurations = (
				A4E1129D2AF83559007115CB /* Debug */,
				A4E1129E2AF83559007115CB /* Release */,
			);
			defaultConfigurationIsVisible = 0;
			defaultConfigurationName = Release;
		};
		A4E4A9512AC349C500164EBD /* Build configuration list for PBXProject "Idea" */ = {
			isa = XCConfigurationList;
			buildConfigurations = (
				A4E4A95B2AC349C500164EBD /* Debug */,
				A4E4A95C2AC349C500164EBD /* Release */,
			);
			defaultConfigurationIsVisible = 0;
			defaultConfigurationName = Release;
		};
		A4E4A9682AC349D800164EBD /* Build configuration list for PBXNativeTarget "2563" */ = {
			isa = XCConfigurationList;
			buildConfigurations = (
				A4E4A9692AC349D800164EBD /* Debug */,
				A4E4A96A2AC349D800164EBD /* Release */,
			);
			defaultConfigurationIsVisible = 0;
			defaultConfigurationName = Release;
		};
		A4E4A9732AC349E600164EBD /* Build configuration list for PBXNativeTarget "30052" */ = {
			isa = XCConfigurationList;
			buildConfigurations = (
				A4E4A9742AC349E600164EBD /* Debug */,
				A4E4A9752AC349E600164EBD /* Release */,
			);
			defaultConfigurationIsVisible = 0;
			defaultConfigurationName = Release;
		};
		A4E4A9942AC4181300164EBD /* Build configuration list for PBXNativeTarget "1316" */ = {
			isa = XCConfigurationList;
			buildConfigurations = (
				A4E4A9952AC4181300164EBD /* Debug */,
				A4E4A9962AC4181300164EBD /* Release */,
			);
			defaultConfigurationIsVisible = 0;
			defaultConfigurationName = Release;
		};
		A4E4A9AC2AC6F4FB00164EBD /* Build configuration list for PBXNativeTarget "14502" */ = {
			isa = XCConfigurationList;
			buildConfigurations = (
				A4E4A9AA2AC6F4FB00164EBD /* Debug */,
				A4E4A9AB2AC6F4FB00164EBD /* Release */,
			);
			defaultConfigurationIsVisible = 0;
			defaultConfigurationName = Release;
		};
/* End XCConfigurationList section */
	};
	rootObject = A4E4A94E2AC349C500164EBD /* Project object */;
}
